<?xml version="1.0" encoding="utf-8"?>
<Project ToolsVersion="4.0" xmlns="http://schemas.microsoft.com/developer/msbuild/2003">
  <ItemGroup>
    <Filter Include="Source Files">
      <UniqueIdentifier>{4FC737F1-C7A5-4376-A066-2A32D752A2FF}</UniqueIdentifier>
      <Extensions>cpp;c;cc;cxx;c++;cppm;ixx;def;odl;idl;hpj;bat;asm;asmx</Extensions>
    </Filter>
    <Filter Include="Header Files">
      <UniqueIdentifier>{93995380-89BD-4b04-88EB-625FBE52EBFB}</UniqueIdentifier>
      <Extensions>h;hh;hpp;hxx;h++;hm;inl;inc;ipp;xsd</Extensions>
    </Filter>
    <Filter Include="Resource Files">
      <UniqueIdentifier>{67DA6AB6-F800-4c08-8B7A-83BB121AAD01}</UniqueIdentifier>
      <Extensions>rc;ico;cur;bmp;dlg;rc2;rct;bin;rgs;gif;jpg;jpeg;jpe;resx;tiff;tif;png;wav;mfcribbon-ms</Extensions>
    </Filter>
  </ItemGroup>
  <ItemGroup>
    <ClInclude Include="_1constant_local.h">
      <Filter>Header Files</Filter>
    </ClInclude>
    <ClInclude Include="_2constante_de_classe.h">
      <Filter>Header Files</Filter>
    </ClInclude>
    <ClInclude Include="_3constant_object.h">
      <Filter>Header Files</Filter>
    </ClInclude>
    <ClInclude Include="_4constant_argument.h">
      <Filter>Header Files</Filter>
    </ClInclude>
    <ClInclude Include="_5constant_pointer.h">
      <Filter>Header Files</Filter>
    </ClInclude>
    <ClInclude Include="_6constant_return_func.h">
      <Filter>Header Files</Filter>
    </ClInclude>
    <ClInclude Include="_7constant_template.h">
      <Filter>Header Files</Filter>
    </ClInclude>
    <ClInclude Include="_8constexpr_example.h">
      <Filter>Header Files</Filter>
    </ClInclude>
    <ClInclude Include="_COMPARISON_TABLE.h">
      <Filter>Header Files</Filter>
    </ClInclude>
    <ClInclude Include="_RESUMO.h">
      <Filter>Header Files</Filter>
    </ClInclude>
    <ClInclude Include="const_literals.h">
      <Filter>Header Files</Filter>
    </ClInclude>
    <ClInclude Include="function_parameters.h">
      <Filter>Header Files</Filter>
    </ClInclude>
    <ClInclude Include="inline_static.h">
      <Filter>Header Files</Filter>
    </ClInclude>
    <ClInclude Include="Pessoa.h">
      <Filter>Header Files</Filter>
    </ClInclude>
    <ClInclude Include="static_const_inside_class.h">
      <Filter>Header Files</Filter>
    </ClInclude>
  </ItemGroup>
  <ItemGroup>
    <ClCompile Include="main.cpp">
      <Filter>Source Files</Filter>
    </ClCompile>
  </ItemGroup>
</Project>