
Microsoft Visual Studio Solution File, Format Version 12.00
# Visual Studio Version 17
VisualStudioVersion = 17.14.36408.4
MinimumVisualStudioVersion = 10.0.40219.1
Project("{8BC9CEB8-8B4A-11D0-8D11-00A0C91BC942}") = "Resume", "Resume\Resume.vcxproj", "{8F5FE51E-8849-4B75-BD51-5F0AA4C3EB8E}"
EndProject
Project("{8BC9CEB8-8B4A-11D0-8D11-00A0C91BC942}") = "Initializer List", "Initializer List\Initializer List.vcxproj", "{DD0D8395-6DDB-4270-A368-AC59C2969685}"
EndProject
Project("{8BC9CEB8-8B4A-11D0-8D11-00A0C91BC942}") = "_Map", "_Map\_Map.vcxproj", "{BC784CEF-653A-4AE8-B436-6617F8DE7253}"
EndProject
Project("{8BC9CEB8-8B4A-11D0-8D11-00A0C91BC942}") = "Abstract Class", "Abstract Class\Abstract Class.vcxproj", "{C6DC4EF6-0E16-4926-A658-C31FCDCB481B}"
EndProject
Project("{8BC9CEB8-8B4A-11D0-8D11-00A0C91BC942}") = "Access Specifiers", "Access Specifiers\Access Specifiers.vcxproj", "{FCFDDA22-79BC-4C59-BBAF-3B1DC0A24D21}"
EndProject
Project("{8BC9CEB8-8B4A-11D0-8D11-00A0C91BC942}") = "Accessors and Mutators", "Accessors and Mutators\Accessors and Mutators.vcxproj", "{54075FC3-6818-4F1E-ADFB-AD21517B6188}"
EndProject
Project("{8BC9CEB8-8B4A-11D0-8D11-00A0C91BC942}") = "Agregation Composition", "Agregation Composition\Agregation Composition.vcxproj", "{509DFC2A-92C3-482F-90DF-B5E0F09A2E1E}"
EndProject
Project("{8BC9CEB8-8B4A-11D0-8D11-00A0C91BC942}") = "Array", "Array\Array.vcxproj", "{A96A1A01-92AE-440D-82C9-592439D2D909}"
EndProject
Project("{8BC9CEB8-8B4A-11D0-8D11-00A0C91BC942}") = "_auto_keyword", "_auto_keyword\_auto_keyword.vcxproj", "{76FF6674-CB9A-4D8F-8196-349F635B19BA}"
EndProject
Project("{8BC9CEB8-8B4A-11D0-8D11-00A0C91BC942}") = "Bitwise Operators", "Bitwise Operators\Bitwise Operators.vcxproj", "{4DE87324-D1FA-4CA4-885B-9BD341C1FC04}"
EndProject
Project("{8BC9CEB8-8B4A-11D0-8D11-00A0C91BC942}") = "Boolean Comparisons", "Boolean Comparisons\Boolean Comparisons.vcxproj", "{7627F8C2-282C-47BF-85FA-4351322AF965}"
EndProject
Project("{8BC9CEB8-8B4A-11D0-8D11-00A0C91BC942}") = "Casting", "Casting\Casting.vcxproj", "{25F8FA65-12B5-4850-B95D-5FB550F401F9}"
EndProject
Project("{8BC9CEB8-8B4A-11D0-8D11-00A0C91BC942}") = "Cheshire Cat", "Cheshire Cat\Cheshire Cat.vcxproj", "{331F2750-C6A7-4EC1-A425-875906F54CA8}"
EndProject
Project("{8BC9CEB8-8B4A-11D0-8D11-00A0C91BC942}") = "Class", "Class\Class.vcxproj", "{350549A2-54C5-4509-83A8-032A618B5D72}"
EndProject
Project("{8BC9CEB8-8B4A-11D0-8D11-00A0C91BC942}") = "Constants", "Constants\Constants.vcxproj", "{B6E4BD07-C241-472A-A0CE-F419DD37A445}"
EndProject
Project("{8BC9CEB8-8B4A-11D0-8D11-00A0C91BC942}") = "Constants Advanced", "Constants Advanced\Constants Advanced.vcxproj", "{6093A215-147F-419A-BD6E-8CAC11E4EE30}"
EndProject
Project("{8BC9CEB8-8B4A-11D0-8D11-00A0C91BC942}") = "Constrol Flow Structures", "Constrol Flow Structures\Constrol Flow Structures.vcxproj", "{D7D1B8A1-E3AC-4FC1-A3CD-359B979B24F7}"
EndProject
Project("{8BC9CEB8-8B4A-11D0-8D11-00A0C91BC942}") = "Copy Constructor", "Copy Constructor\Copy Constructor.vcxproj", "{7E56E730-BD83-4872-948B-1CCC9989B7D5}"
EndProject
Project("{8BC9CEB8-8B4A-11D0-8D11-00A0C91BC942}") = "Data Types", "Data Types\Data Types.vcxproj", "{65DD053C-B05B-4CEF-9AAA-C45415AD229A}"
EndProject
Project("{8BC9CEB8-8B4A-11D0-8D11-00A0C91BC942}") = "Debugging Flags", "Debugging Flags\Debugging Flags.vcxproj", "{6C0C24EB-BC84-433D-AE16-5BCF4F89A94F}"
EndProject
Project("{8BC9CEB8-8B4A-11D0-8D11-00A0C91BC942}") = "Defensive Proggraming", "Defensive Proggraming\Defensive Proggraming.vcxproj", "{6DB9611A-AF2C-4B70-8FD4-4AA058C6105E}"
EndProject
Project("{8BC9CEB8-8B4A-11D0-8D11-00A0C91BC942}") = "Enum", "Enum\Enum.vcxproj", "{EAAF5050-49A9-4793-9544-B99E3DA97840}"
EndProject
Project("{8BC9CEB8-8B4A-11D0-8D11-00A0C91BC942}") = "EnumHack", "EnumHack\EnumHack.vcxproj", "{6B332564-A01E-4263-B984-6A8A53041492}"
EndProject
Project("{8BC9CEB8-8B4A-11D0-8D11-00A0C91BC942}") = "Exceptions", "Exceptions\Exceptions.vcxproj", "{D44750BE-9E75-45B4-92EB-A1F17A217733}"
EndProject
Project("{8BC9CEB8-8B4A-11D0-8D11-00A0C91BC942}") = "ExeSize", "ExeSize\ExeSize.vcxproj", "{1902880D-BA92-4F26-AB1F-042E1E28A632}"
EndProject
Project("{8BC9CEB8-8B4A-11D0-8D11-00A0C91BC942}") = "Float Point Precision", "Float Point Precision\Float Point Precision.vcxproj", "{10B2C064-0269-4EA4-A884-F6847DAE4647}"
EndProject
Project("{8BC9CEB8-8B4A-11D0-8D11-00A0C91BC942}") = "Function", "Function\Function.vcxproj", "{D239DF98-351B-4EA7-93F7-4960835C651A}"
EndProject
Project("{8BC9CEB8-8B4A-11D0-8D11-00A0C91BC942}") = "Function Pointer", "Function Pointer\Function Pointer.vcxproj", "{C075F7D4-76FD-4610-A2AB-D1269F6EFFEA}"
EndProject
Project("{8BC9CEB8-8B4A-11D0-8D11-00A0C91BC942}") = "Functional", "Functional\Functional.vcxproj", "{052D6A56-943F-4959-9E90-78FA1CA53F44}"
EndProject
Project("{8BC9CEB8-8B4A-11D0-8D11-00A0C91BC942}") = "Getters and Setters", "Getters and Setters\Getters and Setters.vcxproj", "{FCDBB4E4-E0ED-47CB-84D4-176C36AFA76F}"
EndProject
Project("{8BC9CEB8-8B4A-11D0-8D11-00A0C91BC942}") = "Global Scope", "Global Scope\Global Scope.vcxproj", "{51F41ECE-D222-42EF-B8DC-44C7DE77F869}"
EndProject
Project("{8BC9CEB8-8B4A-11D0-8D11-00A0C91BC942}") = "GoTo", "GoTo\GoTo.vcxproj", "{F90C6789-8D2E-4316-9F5C-5E42B153A374}"
EndProject
Project("{8BC9CEB8-8B4A-11D0-8D11-00A0C91BC942}") = "Handle Class", "Handle Class\Handle Class.vcxproj", "{72EDEB04-011C-4752-A170-6A631F8814BF}"
EndProject
Project("{8BC9CEB8-8B4A-11D0-8D11-00A0C91BC942}") = "Handle_Class_LIB", "Handle_Class_LIB\Handle_Class_LIB.vcxproj", "{3C455B2A-86B7-4EC2-80AC-9CD4A0D23953}"
EndProject
Project("{8BC9CEB8-8B4A-11D0-8D11-00A0C91BC942}") = "Handle_Class_Client_LIB", "Handle_Class_Client_LIB\Handle_Class_Client_LIB.vcxproj", "{B1AF3621-A571-48D1-884A-1B50878645C1}"
EndProject
Project("{8BC9CEB8-8B4A-11D0-8D11-00A0C91BC942}") = "Handle_Class_DLL", "Handle_Class_DLL\Handle_Class_DLL.vcxproj", "{F9ED7F25-E218-46F4-94B0-055ACF2BADFE}"
EndProject
Project("{8BC9CEB8-8B4A-11D0-8D11-00A0C91BC942}") = "Handle_Class_Client_DLL", "Handle_Class_Client_DLL\Handle_Class_Client_DLL.vcxproj", "{0C4BCCC2-97A5-4168-A28D-4BA0A3364875}"
EndProject
Project("{8BC9CEB8-8B4A-11D0-8D11-00A0C91BC942}") = "_HelloWorld", "_HelloWorld\_HelloWorld.vcxproj", "{8D03076D-65C7-42A5-B13B-C1B6972F0D73}"
EndProject
Project("{8BC9CEB8-8B4A-11D0-8D11-00A0C91BC942}") = "Include Guards", "Include Guards\Include Guards.vcxproj", "{A3E7E366-B942-4069-881B-D7739D92C253}"
EndProject
Project("{8BC9CEB8-8B4A-11D0-8D11-00A0C91BC942}") = "Inheritance", "Inheritance\Inheritance.vcxproj", "{ACDBDCE8-D002-4D37-A2D3-59F8E3F6A284}"
EndProject
Project("{8BC9CEB8-8B4A-11D0-8D11-00A0C91BC942}") = "Inheritance and Cleanup", "Inheritance and Cleanup\Inheritance and Cleanup.vcxproj", "{04411755-639D-42FC-9A7C-A014348C7538}"
EndProject
Project("{8BC9CEB8-8B4A-11D0-8D11-00A0C91BC942}") = "Invariant Violation", "Invariant Violation\Invariant Violation.vcxproj", "{B33ECB84-0833-4381-90DD-8441D088B596}"
EndProject
Project("{8BC9CEB8-8B4A-11D0-8D11-00A0C91BC942}") = "IOFormatFlags", "IOFormatFlags\IOFormatFlags.vcxproj", "{FA365B1F-0987-4575-BF0C-35FB4EE37358}"
EndProject
Project("{8BC9CEB8-8B4A-11D0-8D11-00A0C91BC942}") = "Linkage", "Linkage\Linkage.vcxproj", "{BCE4131E-B691-4893-9E55-EBAD72D4DF38}"
EndProject
Project("{8BC9CEB8-8B4A-11D0-8D11-00A0C91BC942}") = "Makefile", "Makefile\Makefile.vcxproj", "{570C39FD-5C40-4309-A518-8BB4920D966C}"
EndProject
Project("{8BC9CEB8-8B4A-11D0-8D11-00A0C91BC942}") = "Memory Addressing", "Memory Addressing\Memory Addressing.vcxproj", "{68E9B01A-1336-43BF-B63F-83FBF7C68F82}"
EndProject
Project("{8BC9CEB8-8B4A-11D0-8D11-00A0C91BC942}") = "Mutable", "Mutable\Mutable.vcxproj", "{4F3BD874-866A-4300-9306-57F7D9A019A2}"
EndProject
Project("{8BC9CEB8-8B4A-11D0-8D11-00A0C91BC942}") = "Namespace", "Namespace\Namespace.vcxproj", "{522CE988-9E92-4F68-8BAD-02280D37BF12}"
EndProject
Project("{8BC9CEB8-8B4A-11D0-8D11-00A0C91BC942}") = "Nested Class", "Nested Class\Nested Class.vcxproj", "{1EB8681E-4294-4A75-B403-9FF4DEB36A08}"
EndProject
Project("{8BC9CEB8-8B4A-11D0-8D11-00A0C91BC942}") = "New and Delete", "New and Delete\New and Delete.vcxproj", "{6F547189-DC47-4267-84AF-EB2932621DE4}"
EndProject
Project("{8BC9CEB8-8B4A-11D0-8D11-00A0C91BC942}") = "Object Slicing", "Object Slicing\Object Slicing.vcxproj", "{B32DF84F-D105-4AC1-BC87-FADAFEE45FDA}"
EndProject
Project("{8BC9CEB8-8B4A-11D0-8D11-00A0C91BC942}") = "Operator Overloading", "Operator Overloading\Operator Overloading.vcxproj", "{3BB2B849-21EB-4751-BE2E-F21DECAA62C5}"
EndProject
Project("{8BC9CEB8-8B4A-11D0-8D11-00A0C91BC942}") = "Operators", "Operators\Operators.vcxproj", "{04EC7677-1671-44B2-8F51-E58B779B2D57}"
EndProject
Project("{8BC9CEB8-8B4A-11D0-8D11-00A0C91BC942}") = "Pointers", "Pointers\Pointers.vcxproj", "{474FBE1A-FC34-4A6E-8FB8-7D5A1D4377FB}"
EndProject
Project("{8BC9CEB8-8B4A-11D0-8D11-00A0C91BC942}") = "Polimorphism", "Polimorphism\Polimorphism.vcxproj", "{363E6903-BA01-4D68-BCD6-98809CD5CE48}"
EndProject
Project("{8BC9CEB8-8B4A-11D0-8D11-00A0C91BC942}") = "Precompiled Header", "Precompiled Header\Precompiled Header.vcxproj", "{93C268AE-8009-4AD8-B704-F2F3803F61E5}"
EndProject
Project("{8BC9CEB8-8B4A-11D0-8D11-00A0C91BC942}") = "Preprocessor Directives", "Preprocessor Directives\Preprocessor Directives.vcxproj", "{A1992378-B100-4EF2-8EA3-A855D7FE201E}"
EndProject
Project("{8BC9CEB8-8B4A-11D0-8D11-00A0C91BC942}") = "Pure Substitution", "Pure Substitution\Pure Substitution.vcxproj", "{1E21D588-02F6-4B30-ACCD-D2C9AAF1068B}"
EndProject
Project("{8BC9CEB8-8B4A-11D0-8D11-00A0C91BC942}") = "_range_based_for", "_range_based_for\_range_based_for.vcxproj", "{26745A14-E8A1-4FD5-906C-505DA189F1D7}"
EndProject
Project("{8BC9CEB8-8B4A-11D0-8D11-00A0C91BC942}") = "Recursion", "Recursion\Recursion.vcxproj", "{C4FEE08E-CBEA-4796-9EDC-016208A68038}"
EndProject
Project("{8BC9CEB8-8B4A-11D0-8D11-00A0C91BC942}") = "RTTI", "RTTI\RTTI.vcxproj", "{D7E196E2-6E36-4D66-AB0E-C21DB1228CE8}"
EndProject
Project("{8BC9CEB8-8B4A-11D0-8D11-00A0C91BC942}") = "Singleton", "Singleton\Singleton.vcxproj", "{F9C95A78-67E4-45C4-8534-4C6F844922CE}"
EndProject
Project("{8BC9CEB8-8B4A-11D0-8D11-00A0C91BC942}") = "Stack", "Stack\Stack.vcxproj", "{D2BDD942-1E46-4BCD-9392-F3199F58D04F}"
EndProject
Project("{8BC9CEB8-8B4A-11D0-8D11-00A0C91BC942}") = "Stack Unwinding", "Stack Unwinding\Stack Unwinding.vcxproj", "{7FD4C1C5-6BB3-41F9-ADDA-B5E35E73AE12}"
EndProject
Project("{8BC9CEB8-8B4A-11D0-8D11-00A0C91BC942}") = "Stash", "Stash\Stash.vcxproj", "{0657B8EA-0EA0-49A7-B7AB-D6E829C8326D}"
EndProject
Project("{8BC9CEB8-8B4A-11D0-8D11-00A0C91BC942}") = "Static", "Static\Static.vcxproj", "{6F6F38FE-FB61-4039-8A79-8BDBB72331DA}"
EndProject
Project("{8BC9CEB8-8B4A-11D0-8D11-00A0C91BC942}") = "Static Library", "Static Library\Static Library.vcxproj", "{60028CCC-46C2-4D98-944A-C6CEBA99631C}"
EndProject
Project("{8BC9CEB8-8B4A-11D0-8D11-00A0C91BC942}") = "_String", "_String\_String.vcxproj", "{71C280DA-5A87-4945-A347-B3605730E342}"
EndProject
Project("{8BC9CEB8-8B4A-11D0-8D11-00A0C91BC942}") = "_unique_ptr", "_unique_ptr\_unique_ptr.vcxproj", "{CC12FF52-F79C-4768-B896-257CA6D6F2AF}"
EndProject
Global
	GlobalSection(SolutionConfigurationPlatforms) = preSolution
		Debug|x64 = Debug|x64
		Debug|x86 = Debug|x86
		Release|x64 = Release|x64
		Release|x86 = Release|x86
	EndGlobalSection
	GlobalSection(ProjectConfigurationPlatforms) = postSolution
		{8F5FE51E-8849-4B75-BD51-5F0AA4C3EB8E}.Debug|x64.ActiveCfg = Debug|x64
		{8F5FE51E-8849-4B75-BD51-5F0AA4C3EB8E}.Debug|x64.Build.0 = Debug|x64
		{8F5FE51E-8849-4B75-BD51-5F0AA4C3EB8E}.Debug|x86.ActiveCfg = Debug|Win32
		{8F5FE51E-8849-4B75-BD51-5F0AA4C3EB8E}.Debug|x86.Build.0 = Debug|Win32
		{8F5FE51E-8849-4B75-BD51-5F0AA4C3EB8E}.Release|x64.ActiveCfg = Release|x64
		{8F5FE51E-8849-4B75-BD51-5F0AA4C3EB8E}.Release|x64.Build.0 = Release|x64
		{8F5FE51E-8849-4B75-BD51-5F0AA4C3EB8E}.Release|x86.ActiveCfg = Release|Win32
		{8F5FE51E-8849-4B75-BD51-5F0AA4C3EB8E}.Release|x86.Build.0 = Release|Win32
		{DD0D8395-6DDB-4270-A368-AC59C2969685}.Debug|x64.ActiveCfg = Debug|x64
		{DD0D8395-6DDB-4270-A368-AC59C2969685}.Debug|x64.Build.0 = Debug|x64
		{DD0D8395-6DDB-4270-A368-AC59C2969685}.Debug|x86.ActiveCfg = Debug|Win32
		{DD0D8395-6DDB-4270-A368-AC59C2969685}.Debug|x86.Build.0 = Debug|Win32
		{DD0D8395-6DDB-4270-A368-AC59C2969685}.Release|x64.ActiveCfg = Release|x64
		{DD0D8395-6DDB-4270-A368-AC59C2969685}.Release|x64.Build.0 = Release|x64
		{DD0D8395-6DDB-4270-A368-AC59C2969685}.Release|x86.ActiveCfg = Release|Win32
		{DD0D8395-6DDB-4270-A368-AC59C2969685}.Release|x86.Build.0 = Release|Win32
		{BC784CEF-653A-4AE8-B436-6617F8DE7253}.Debug|x64.ActiveCfg = Debug|x64
		{BC784CEF-653A-4AE8-B436-6617F8DE7253}.Debug|x64.Build.0 = Debug|x64
		{BC784CEF-653A-4AE8-B436-6617F8DE7253}.Debug|x86.ActiveCfg = Debug|Win32
		{BC784CEF-653A-4AE8-B436-6617F8DE7253}.Debug|x86.Build.0 = Debug|Win32
		{BC784CEF-653A-4AE8-B436-6617F8DE7253}.Release|x64.ActiveCfg = Release|x64
		{BC784CEF-653A-4AE8-B436-6617F8DE7253}.Release|x64.Build.0 = Release|x64
		{BC784CEF-653A-4AE8-B436-6617F8DE7253}.Release|x86.ActiveCfg = Release|Win32
		{BC784CEF-653A-4AE8-B436-6617F8DE7253}.Release|x86.Build.0 = Release|Win32
		{C6DC4EF6-0E16-4926-A658-C31FCDCB481B}.Debug|x64.ActiveCfg = Debug|x64
		{C6DC4EF6-0E16-4926-A658-C31FCDCB481B}.Debug|x64.Build.0 = Debug|x64
		{C6DC4EF6-0E16-4926-A658-C31FCDCB481B}.Debug|x86.ActiveCfg = Debug|Win32
		{C6DC4EF6-0E16-4926-A658-C31FCDCB481B}.Debug|x86.Build.0 = Debug|Win32
		{C6DC4EF6-0E16-4926-A658-C31FCDCB481B}.Release|x64.ActiveCfg = Release|x64
		{C6DC4EF6-0E16-4926-A658-C31FCDCB481B}.Release|x64.Build.0 = Release|x64
		{C6DC4EF6-0E16-4926-A658-C31FCDCB481B}.Release|x86.ActiveCfg = Release|Win32
		{C6DC4EF6-0E16-4926-A658-C31FCDCB481B}.Release|x86.Build.0 = Release|Win32
		{FCFDDA22-79BC-4C59-BBAF-3B1DC0A24D21}.Debug|x64.ActiveCfg = Debug|x64
		{FCFDDA22-79BC-4C59-BBAF-3B1DC0A24D21}.Debug|x64.Build.0 = Debug|x64
		{FCFDDA22-79BC-4C59-BBAF-3B1DC0A24D21}.Debug|x86.ActiveCfg = Debug|Win32
		{FCFDDA22-79BC-4C59-BBAF-3B1DC0A24D21}.Debug|x86.Build.0 = Debug|Win32
		{FCFDDA22-79BC-4C59-BBAF-3B1DC0A24D21}.Release|x64.ActiveCfg = Release|x64
		{FCFDDA22-79BC-4C59-BBAF-3B1DC0A24D21}.Release|x64.Build.0 = Release|x64
		{FCFDDA22-79BC-4C59-BBAF-3B1DC0A24D21}.Release|x86.ActiveCfg = Release|Win32
		{FCFDDA22-79BC-4C59-BBAF-3B1DC0A24D21}.Release|x86.Build.0 = Release|Win32
		{54075FC3-6818-4F1E-ADFB-AD21517B6188}.Debug|x64.ActiveCfg = Debug|x64
		{54075FC3-6818-4F1E-ADFB-AD21517B6188}.Debug|x64.Build.0 = Debug|x64
		{54075FC3-6818-4F1E-ADFB-AD21517B6188}.Debug|x86.ActiveCfg = Debug|Win32
		{54075FC3-6818-4F1E-ADFB-AD21517B6188}.Debug|x86.Build.0 = Debug|Win32
		{54075FC3-6818-4F1E-ADFB-AD21517B6188}.Release|x64.ActiveCfg = Release|x64
		{54075FC3-6818-4F1E-ADFB-AD21517B6188}.Release|x64.Build.0 = Release|x64
		{54075FC3-6818-4F1E-ADFB-AD21517B6188}.Release|x86.ActiveCfg = Release|Win32
		{54075FC3-6818-4F1E-ADFB-AD21517B6188}.Release|x86.Build.0 = Release|Win32
		{509DFC2A-92C3-482F-90DF-B5E0F09A2E1E}.Debug|x64.ActiveCfg = Debug|x64
		{509DFC2A-92C3-482F-90DF-B5E0F09A2E1E}.Debug|x64.Build.0 = Debug|x64
		{509DFC2A-92C3-482F-90DF-B5E0F09A2E1E}.Debug|x86.ActiveCfg = Debug|Win32
		{509DFC2A-92C3-482F-90DF-B5E0F09A2E1E}.Debug|x86.Build.0 = Debug|Win32
		{509DFC2A-92C3-482F-90DF-B5E0F09A2E1E}.Release|x64.ActiveCfg = Release|x64
		{509DFC2A-92C3-482F-90DF-B5E0F09A2E1E}.Release|x64.Build.0 = Release|x64
		{509DFC2A-92C3-482F-90DF-B5E0F09A2E1E}.Release|x86.ActiveCfg = Release|Win32
		{509DFC2A-92C3-482F-90DF-B5E0F09A2E1E}.Release|x86.Build.0 = Release|Win32
		{A96A1A01-92AE-440D-82C9-592439D2D909}.Debug|x64.ActiveCfg = Debug|x64
		{A96A1A01-92AE-440D-82C9-592439D2D909}.Debug|x64.Build.0 = Debug|x64
		{A96A1A01-92AE-440D-82C9-592439D2D909}.Debug|x86.ActiveCfg = Debug|Win32
		{A96A1A01-92AE-440D-82C9-592439D2D909}.Debug|x86.Build.0 = Debug|Win32
		{A96A1A01-92AE-440D-82C9-592439D2D909}.Release|x64.ActiveCfg = Release|x64
		{A96A1A01-92AE-440D-82C9-592439D2D909}.Release|x64.Build.0 = Release|x64
		{A96A1A01-92AE-440D-82C9-592439D2D909}.Release|x86.ActiveCfg = Release|Win32
		{A96A1A01-92AE-440D-82C9-592439D2D909}.Release|x86.Build.0 = Release|Win32
		{76FF6674-CB9A-4D8F-8196-349F635B19BA}.Debug|x64.ActiveCfg = Debug|x64
		{76FF6674-CB9A-4D8F-8196-349F635B19BA}.Debug|x64.Build.0 = Debug|x64
		{76FF6674-CB9A-4D8F-8196-349F635B19BA}.Debug|x86.ActiveCfg = Debug|Win32
		{76FF6674-CB9A-4D8F-8196-349F635B19BA}.Debug|x86.Build.0 = Debug|Win32
		{76FF6674-CB9A-4D8F-8196-349F635B19BA}.Release|x64.ActiveCfg = Release|x64
		{76FF6674-CB9A-4D8F-8196-349F635B19BA}.Release|x64.Build.0 = Release|x64
		{76FF6674-CB9A-4D8F-8196-349F635B19BA}.Release|x86.ActiveCfg = Release|Win32
		{76FF6674-CB9A-4D8F-8196-349F635B19BA}.Release|x86.Build.0 = Release|Win32
		{4DE87324-D1FA-4CA4-885B-9BD341C1FC04}.Debug|x64.ActiveCfg = Debug|x64
		{4DE87324-D1FA-4CA4-885B-9BD341C1FC04}.Debug|x64.Build.0 = Debug|x64
		{4DE87324-D1FA-4CA4-885B-9BD341C1FC04}.Debug|x86.ActiveCfg = Debug|Win32
		{4DE87324-D1FA-4CA4-885B-9BD341C1FC04}.Debug|x86.Build.0 = Debug|Win32
		{4DE87324-D1FA-4CA4-885B-9BD341C1FC04}.Release|x64.ActiveCfg = Release|x64
		{4DE87324-D1FA-4CA4-885B-9BD341C1FC04}.Release|x64.Build.0 = Release|x64
		{4DE87324-D1FA-4CA4-885B-9BD341C1FC04}.Release|x86.ActiveCfg = Release|Win32
		{4DE87324-D1FA-4CA4-885B-9BD341C1FC04}.Release|x86.Build.0 = Release|Win32
		{7627F8C2-282C-47BF-85FA-4351322AF965}.Debug|x64.ActiveCfg = Debug|x64
		{7627F8C2-282C-47BF-85FA-4351322AF965}.Debug|x64.Build.0 = Debug|x64
		{7627F8C2-282C-47BF-85FA-4351322AF965}.Debug|x86.ActiveCfg = Debug|Win32
		{7627F8C2-282C-47BF-85FA-4351322AF965}.Debug|x86.Build.0 = Debug|Win32
		{7627F8C2-282C-47BF-85FA-4351322AF965}.Release|x64.ActiveCfg = Release|x64
		{7627F8C2-282C-47BF-85FA-4351322AF965}.Release|x64.Build.0 = Release|x64
		{7627F8C2-282C-47BF-85FA-4351322AF965}.Release|x86.ActiveCfg = Release|Win32
		{7627F8C2-282C-47BF-85FA-4351322AF965}.Release|x86.Build.0 = Release|Win32
		{25F8FA65-12B5-4850-B95D-5FB550F401F9}.Debug|x64.ActiveCfg = Debug|x64
		{25F8FA65-12B5-4850-B95D-5FB550F401F9}.Debug|x64.Build.0 = Debug|x64
		{25F8FA65-12B5-4850-B95D-5FB550F401F9}.Debug|x86.ActiveCfg = Debug|Win32
		{25F8FA65-12B5-4850-B95D-5FB550F401F9}.Debug|x86.Build.0 = Debug|Win32
		{25F8FA65-12B5-4850-B95D-5FB550F401F9}.Release|x64.ActiveCfg = Release|x64
		{25F8FA65-12B5-4850-B95D-5FB550F401F9}.Release|x64.Build.0 = Release|x64
		{25F8FA65-12B5-4850-B95D-5FB550F401F9}.Release|x86.ActiveCfg = Release|Win32
		{25F8FA65-12B5-4850-B95D-5FB550F401F9}.Release|x86.Build.0 = Release|Win32
		{331F2750-C6A7-4EC1-A425-875906F54CA8}.Debug|x64.ActiveCfg = Debug|x64
		{331F2750-C6A7-4EC1-A425-875906F54CA8}.Debug|x64.Build.0 = Debug|x64
		{331F2750-C6A7-4EC1-A425-875906F54CA8}.Debug|x86.ActiveCfg = Debug|Win32
		{331F2750-C6A7-4EC1-A425-875906F54CA8}.Debug|x86.Build.0 = Debug|Win32
		{331F2750-C6A7-4EC1-A425-875906F54CA8}.Release|x64.ActiveCfg = Release|x64
		{331F2750-C6A7-4EC1-A425-875906F54CA8}.Release|x64.Build.0 = Release|x64
		{331F2750-C6A7-4EC1-A425-875906F54CA8}.Release|x86.ActiveCfg = Release|Win32
		{331F2750-C6A7-4EC1-A425-875906F54CA8}.Release|x86.Build.0 = Release|Win32
		{350549A2-54C5-4509-83A8-032A618B5D72}.Debug|x64.ActiveCfg = Debug|x64
		{350549A2-54C5-4509-83A8-032A618B5D72}.Debug|x64.Build.0 = Debug|x64
		{350549A2-54C5-4509-83A8-032A618B5D72}.Debug|x86.ActiveCfg = Debug|Win32
		{350549A2-54C5-4509-83A8-032A618B5D72}.Debug|x86.Build.0 = Debug|Win32
		{350549A2-54C5-4509-83A8-032A618B5D72}.Release|x64.ActiveCfg = Release|x64
		{350549A2-54C5-4509-83A8-032A618B5D72}.Release|x64.Build.0 = Release|x64
		{350549A2-54C5-4509-83A8-032A618B5D72}.Release|x86.ActiveCfg = Release|Win32
		{350549A2-54C5-4509-83A8-032A618B5D72}.Release|x86.Build.0 = Release|Win32
		{B6E4BD07-C241-472A-A0CE-F419DD37A445}.Debug|x64.ActiveCfg = Debug|x64
		{B6E4BD07-C241-472A-A0CE-F419DD37A445}.Debug|x64.Build.0 = Debug|x64
		{B6E4BD07-C241-472A-A0CE-F419DD37A445}.Debug|x86.ActiveCfg = Debug|Win32
		{B6E4BD07-C241-472A-A0CE-F419DD37A445}.Debug|x86.Build.0 = Debug|Win32
		{B6E4BD07-C241-472A-A0CE-F419DD37A445}.Release|x64.ActiveCfg = Release|x64
		{B6E4BD07-C241-472A-A0CE-F419DD37A445}.Release|x64.Build.0 = Release|x64
		{B6E4BD07-C241-472A-A0CE-F419DD37A445}.Release|x86.ActiveCfg = Release|Win32
		{B6E4BD07-C241-472A-A0CE-F419DD37A445}.Release|x86.Build.0 = Release|Win32
		{6093A215-147F-419A-BD6E-8CAC11E4EE30}.Debug|x64.ActiveCfg = Debug|x64
		{6093A215-147F-419A-BD6E-8CAC11E4EE30}.Debug|x64.Build.0 = Debug|x64
		{6093A215-147F-419A-BD6E-8CAC11E4EE30}.Debug|x86.ActiveCfg = Debug|Win32
		{6093A215-147F-419A-BD6E-8CAC11E4EE30}.Debug|x86.Build.0 = Debug|Win32
		{6093A215-147F-419A-BD6E-8CAC11E4EE30}.Release|x64.ActiveCfg = Release|x64
		{6093A215-147F-419A-BD6E-8CAC11E4EE30}.Release|x64.Build.0 = Release|x64
		{6093A215-147F-419A-BD6E-8CAC11E4EE30}.Release|x86.ActiveCfg = Release|Win32
		{6093A215-147F-419A-BD6E-8CAC11E4EE30}.Release|x86.Build.0 = Release|Win32
		{D7D1B8A1-E3AC-4FC1-A3CD-359B979B24F7}.Debug|x64.ActiveCfg = Debug|x64
		{D7D1B8A1-E3AC-4FC1-A3CD-359B979B24F7}.Debug|x64.Build.0 = Debug|x64
		{D7D1B8A1-E3AC-4FC1-A3CD-359B979B24F7}.Debug|x86.ActiveCfg = Debug|Win32
		{D7D1B8A1-E3AC-4FC1-A3CD-359B979B24F7}.Debug|x86.Build.0 = Debug|Win32
		{D7D1B8A1-E3AC-4FC1-A3CD-359B979B24F7}.Release|x64.ActiveCfg = Release|x64
		{D7D1B8A1-E3AC-4FC1-A3CD-359B979B24F7}.Release|x64.Build.0 = Release|x64
		{D7D1B8A1-E3AC-4FC1-A3CD-359B979B24F7}.Release|x86.ActiveCfg = Release|Win32
		{D7D1B8A1-E3AC-4FC1-A3CD-359B979B24F7}.Release|x86.Build.0 = Release|Win32
		{7E56E730-BD83-4872-948B-1CCC9989B7D5}.Debug|x64.ActiveCfg = Debug|x64
		{7E56E730-BD83-4872-948B-1CCC9989B7D5}.Debug|x64.Build.0 = Debug|x64
		{7E56E730-BD83-4872-948B-1CCC9989B7D5}.Debug|x86.ActiveCfg = Debug|Win32
		{7E56E730-BD83-4872-948B-1CCC9989B7D5}.Debug|x86.Build.0 = Debug|Win32
		{7E56E730-BD83-4872-948B-1CCC9989B7D5}.Release|x64.ActiveCfg = Release|x64
		{7E56E730-BD83-4872-948B-1CCC9989B7D5}.Release|x64.Build.0 = Release|x64
		{7E56E730-BD83-4872-948B-1CCC9989B7D5}.Release|x86.ActiveCfg = Release|Win32
		{7E56E730-BD83-4872-948B-1CCC9989B7D5}.Release|x86.Build.0 = Release|Win32
		{65DD053C-B05B-4CEF-9AAA-C45415AD229A}.Debug|x64.ActiveCfg = Debug|x64
		{65DD053C-B05B-4CEF-9AAA-C45415AD229A}.Debug|x64.Build.0 = Debug|x64
		{65DD053C-B05B-4CEF-9AAA-C45415AD229A}.Debug|x86.ActiveCfg = Debug|Win32
		{65DD053C-B05B-4CEF-9AAA-C45415AD229A}.Debug|x86.Build.0 = Debug|Win32
		{65DD053C-B05B-4CEF-9AAA-C45415AD229A}.Release|x64.ActiveCfg = Release|x64
		{65DD053C-B05B-4CEF-9AAA-C45415AD229A}.Release|x64.Build.0 = Release|x64
		{65DD053C-B05B-4CEF-9AAA-C45415AD229A}.Release|x86.ActiveCfg = Release|Win32
		{65DD053C-B05B-4CEF-9AAA-C45415AD229A}.Release|x86.Build.0 = Release|Win32
		{6C0C24EB-BC84-433D-AE16-5BCF4F89A94F}.Debug|x64.ActiveCfg = Debug|x64
		{6C0C24EB-BC84-433D-AE16-5BCF4F89A94F}.Debug|x64.Build.0 = Debug|x64
		{6C0C24EB-BC84-433D-AE16-5BCF4F89A94F}.Debug|x86.ActiveCfg = Debug|Win32
		{6C0C24EB-BC84-433D-AE16-5BCF4F89A94F}.Debug|x86.Build.0 = Debug|Win32
		{6C0C24EB-BC84-433D-AE16-5BCF4F89A94F}.Release|x64.ActiveCfg = Release|x64
		{6C0C24EB-BC84-433D-AE16-5BCF4F89A94F}.Release|x64.Build.0 = Release|x64
		{6C0C24EB-BC84-433D-AE16-5BCF4F89A94F}.Release|x86.ActiveCfg = Release|Win32
		{6C0C24EB-BC84-433D-AE16-5BCF4F89A94F}.Release|x86.Build.0 = Release|Win32
		{6DB9611A-AF2C-4B70-8FD4-4AA058C6105E}.Debug|x64.ActiveCfg = Debug|x64
		{6DB9611A-AF2C-4B70-8FD4-4AA058C6105E}.Debug|x64.Build.0 = Debug|x64
		{6DB9611A-AF2C-4B70-8FD4-4AA058C6105E}.Debug|x86.ActiveCfg = Debug|Win32
		{6DB9611A-AF2C-4B70-8FD4-4AA058C6105E}.Debug|x86.Build.0 = Debug|Win32
		{6DB9611A-AF2C-4B70-8FD4-4AA058C6105E}.Release|x64.ActiveCfg = Release|x64
		{6DB9611A-AF2C-4B70-8FD4-4AA058C6105E}.Release|x64.Build.0 = Release|x64
		{6DB9611A-AF2C-4B70-8FD4-4AA058C6105E}.Release|x86.ActiveCfg = Release|Win32
		{6DB9611A-AF2C-4B70-8FD4-4AA058C6105E}.Release|x86.Build.0 = Release|Win32
		{EAAF5050-49A9-4793-9544-B99E3DA97840}.Debug|x64.ActiveCfg = Debug|x64
		{EAAF5050-49A9-4793-9544-B99E3DA97840}.Debug|x64.Build.0 = Debug|x64
		{EAAF5050-49A9-4793-9544-B99E3DA97840}.Debug|x86.ActiveCfg = Debug|Win32
		{EAAF5050-49A9-4793-9544-B99E3DA97840}.Debug|x86.Build.0 = Debug|Win32
		{EAAF5050-49A9-4793-9544-B99E3DA97840}.Release|x64.ActiveCfg = Release|x64
		{EAAF5050-49A9-4793-9544-B99E3DA97840}.Release|x64.Build.0 = Release|x64
		{EAAF5050-49A9-4793-9544-B99E3DA97840}.Release|x86.ActiveCfg = Release|Win32
		{EAAF5050-49A9-4793-9544-B99E3DA97840}.Release|x86.Build.0 = Release|Win32
		{6B332564-A01E-4263-B984-6A8A53041492}.Debug|x64.ActiveCfg = Debug|x64
		{6B332564-A01E-4263-B984-6A8A53041492}.Debug|x64.Build.0 = Debug|x64
		{6B332564-A01E-4263-B984-6A8A53041492}.Debug|x86.ActiveCfg = Debug|Win32
		{6B332564-A01E-4263-B984-6A8A53041492}.Debug|x86.Build.0 = Debug|Win32
		{6B332564-A01E-4263-B984-6A8A53041492}.Release|x64.ActiveCfg = Release|x64
		{6B332564-A01E-4263-B984-6A8A53041492}.Release|x64.Build.0 = Release|x64
		{6B332564-A01E-4263-B984-6A8A53041492}.Release|x86.ActiveCfg = Release|Win32
		{6B332564-A01E-4263-B984-6A8A53041492}.Release|x86.Build.0 = Release|Win32
		{D44750BE-9E75-45B4-92EB-A1F17A217733}.Debug|x64.ActiveCfg = Debug|x64
		{D44750BE-9E75-45B4-92EB-A1F17A217733}.Debug|x64.Build.0 = Debug|x64
		{D44750BE-9E75-45B4-92EB-A1F17A217733}.Debug|x86.ActiveCfg = Debug|Win32
		{D44750BE-9E75-45B4-92EB-A1F17A217733}.Debug|x86.Build.0 = Debug|Win32
		{D44750BE-9E75-45B4-92EB-A1F17A217733}.Release|x64.ActiveCfg = Release|x64
		{D44750BE-9E75-45B4-92EB-A1F17A217733}.Release|x64.Build.0 = Release|x64
		{D44750BE-9E75-45B4-92EB-A1F17A217733}.Release|x86.ActiveCfg = Release|Win32
		{D44750BE-9E75-45B4-92EB-A1F17A217733}.Release|x86.Build.0 = Release|Win32
		{1902880D-BA92-4F26-AB1F-042E1E28A632}.Debug|x64.ActiveCfg = Debug|x64
		{1902880D-BA92-4F26-AB1F-042E1E28A632}.Debug|x64.Build.0 = Debug|x64
		{1902880D-BA92-4F26-AB1F-042E1E28A632}.Debug|x86.ActiveCfg = Debug|Win32
		{1902880D-BA92-4F26-AB1F-042E1E28A632}.Debug|x86.Build.0 = Debug|Win32
		{1902880D-BA92-4F26-AB1F-042E1E28A632}.Release|x64.ActiveCfg = Release|x64
		{1902880D-BA92-4F26-AB1F-042E1E28A632}.Release|x64.Build.0 = Release|x64
		{1902880D-BA92-4F26-AB1F-042E1E28A632}.Release|x86.ActiveCfg = Release|Win32
		{1902880D-BA92-4F26-AB1F-042E1E28A632}.Release|x86.Build.0 = Release|Win32
		{10B2C064-0269-4EA4-A884-F6847DAE4647}.Debug|x64.ActiveCfg = Debug|x64
		{10B2C064-0269-4EA4-A884-F6847DAE4647}.Debug|x64.Build.0 = Debug|x64
		{10B2C064-0269-4EA4-A884-F6847DAE4647}.Debug|x86.ActiveCfg = Debug|Win32
		{10B2C064-0269-4EA4-A884-F6847DAE4647}.Debug|x86.Build.0 = Debug|Win32
		{10B2C064-0269-4EA4-A884-F6847DAE4647}.Release|x64.ActiveCfg = Release|x64
		{10B2C064-0269-4EA4-A884-F6847DAE4647}.Release|x64.Build.0 = Release|x64
		{10B2C064-0269-4EA4-A884-F6847DAE4647}.Release|x86.ActiveCfg = Release|Win32
		{10B2C064-0269-4EA4-A884-F6847DAE4647}.Release|x86.Build.0 = Release|Win32
		{D239DF98-351B-4EA7-93F7-4960835C651A}.Debug|x64.ActiveCfg = Debug|x64
		{D239DF98-351B-4EA7-93F7-4960835C651A}.Debug|x64.Build.0 = Debug|x64
		{D239DF98-351B-4EA7-93F7-4960835C651A}.Debug|x86.ActiveCfg = Debug|Win32
		{D239DF98-351B-4EA7-93F7-4960835C651A}.Debug|x86.Build.0 = Debug|Win32
		{D239DF98-351B-4EA7-93F7-4960835C651A}.Release|x64.ActiveCfg = Release|x64
		{D239DF98-351B-4EA7-93F7-4960835C651A}.Release|x64.Build.0 = Release|x64
		{D239DF98-351B-4EA7-93F7-4960835C651A}.Release|x86.ActiveCfg = Release|Win32
		{D239DF98-351B-4EA7-93F7-4960835C651A}.Release|x86.Build.0 = Release|Win32
		{C075F7D4-76FD-4610-A2AB-D1269F6EFFEA}.Debug|x64.ActiveCfg = Debug|x64
		{C075F7D4-76FD-4610-A2AB-D1269F6EFFEA}.Debug|x64.Build.0 = Debug|x64
		{C075F7D4-76FD-4610-A2AB-D1269F6EFFEA}.Debug|x86.ActiveCfg = Debug|Win32
		{C075F7D4-76FD-4610-A2AB-D1269F6EFFEA}.Debug|x86.Build.0 = Debug|Win32
		{C075F7D4-76FD-4610-A2AB-D1269F6EFFEA}.Release|x64.ActiveCfg = Release|x64
		{C075F7D4-76FD-4610-A2AB-D1269F6EFFEA}.Release|x64.Build.0 = Release|x64
		{C075F7D4-76FD-4610-A2AB-D1269F6EFFEA}.Release|x86.ActiveCfg = Release|Win32
		{C075F7D4-76FD-4610-A2AB-D1269F6EFFEA}.Release|x86.Build.0 = Release|Win32
		{052D6A56-943F-4959-9E90-78FA1CA53F44}.Debug|x64.ActiveCfg = Debug|x64
		{052D6A56-943F-4959-9E90-78FA1CA53F44}.Debug|x64.Build.0 = Debug|x64
		{052D6A56-943F-4959-9E90-78FA1CA53F44}.Debug|x86.ActiveCfg = Debug|Win32
		{052D6A56-943F-4959-9E90-78FA1CA53F44}.Debug|x86.Build.0 = Debug|Win32
		{052D6A56-943F-4959-9E90-78FA1CA53F44}.Release|x64.ActiveCfg = Release|x64
		{052D6A56-943F-4959-9E90-78FA1CA53F44}.Release|x64.Build.0 = Release|x64
		{052D6A56-943F-4959-9E90-78FA1CA53F44}.Release|x86.ActiveCfg = Release|Win32
		{052D6A56-943F-4959-9E90-78FA1CA53F44}.Release|x86.Build.0 = Release|Win32
		{FCDBB4E4-E0ED-47CB-84D4-176C36AFA76F}.Debug|x64.ActiveCfg = Debug|x64
		{FCDBB4E4-E0ED-47CB-84D4-176C36AFA76F}.Debug|x64.Build.0 = Debug|x64
		{FCDBB4E4-E0ED-47CB-84D4-176C36AFA76F}.Debug|x86.ActiveCfg = Debug|Win32
		{FCDBB4E4-E0ED-47CB-84D4-176C36AFA76F}.Debug|x86.Build.0 = Debug|Win32
		{FCDBB4E4-E0ED-47CB-84D4-176C36AFA76F}.Release|x64.ActiveCfg = Release|x64
		{FCDBB4E4-E0ED-47CB-84D4-176C36AFA76F}.Release|x64.Build.0 = Release|x64
		{FCDBB4E4-E0ED-47CB-84D4-176C36AFA76F}.Release|x86.ActiveCfg = Release|Win32
		{FCDBB4E4-E0ED-47CB-84D4-176C36AFA76F}.Release|x86.Build.0 = Release|Win32
		{51F41ECE-D222-42EF-B8DC-44C7DE77F869}.Debug|x64.ActiveCfg = Debug|x64
		{51F41ECE-D222-42EF-B8DC-44C7DE77F869}.Debug|x64.Build.0 = Debug|x64
		{51F41ECE-D222-42EF-B8DC-44C7DE77F869}.Debug|x86.ActiveCfg = Debug|Win32
		{51F41ECE-D222-42EF-B8DC-44C7DE77F869}.Debug|x86.Build.0 = Debug|Win32
		{51F41ECE-D222-42EF-B8DC-44C7DE77F869}.Release|x64.ActiveCfg = Release|x64
		{51F41ECE-D222-42EF-B8DC-44C7DE77F869}.Release|x64.Build.0 = Release|x64
		{51F41ECE-D222-42EF-B8DC-44C7DE77F869}.Release|x86.ActiveCfg = Release|Win32
		{51F41ECE-D222-42EF-B8DC-44C7DE77F869}.Release|x86.Build.0 = Release|Win32
		{F90C6789-8D2E-4316-9F5C-5E42B153A374}.Debug|x64.ActiveCfg = Debug|x64
		{F90C6789-8D2E-4316-9F5C-5E42B153A374}.Debug|x64.Build.0 = Debug|x64
		{F90C6789-8D2E-4316-9F5C-5E42B153A374}.Debug|x86.ActiveCfg = Debug|Win32
		{F90C6789-8D2E-4316-9F5C-5E42B153A374}.Debug|x86.Build.0 = Debug|Win32
		{F90C6789-8D2E-4316-9F5C-5E42B153A374}.Release|x64.ActiveCfg = Release|x64
		{F90C6789-8D2E-4316-9F5C-5E42B153A374}.Release|x64.Build.0 = Release|x64
		{F90C6789-8D2E-4316-9F5C-5E42B153A374}.Release|x86.ActiveCfg = Release|Win32
		{F90C6789-8D2E-4316-9F5C-5E42B153A374}.Release|x86.Build.0 = Release|Win32
		{72EDEB04-011C-4752-A170-6A631F8814BF}.Debug|x64.ActiveCfg = Debug|x64
		{72EDEB04-011C-4752-A170-6A631F8814BF}.Debug|x64.Build.0 = Debug|x64
		{72EDEB04-011C-4752-A170-6A631F8814BF}.Debug|x86.ActiveCfg = Debug|Win32
		{72EDEB04-011C-4752-A170-6A631F8814BF}.Debug|x86.Build.0 = Debug|Win32
		{72EDEB04-011C-4752-A170-6A631F8814BF}.Release|x64.ActiveCfg = Release|x64
		{72EDEB04-011C-4752-A170-6A631F8814BF}.Release|x64.Build.0 = Release|x64
		{72EDEB04-011C-4752-A170-6A631F8814BF}.Release|x86.ActiveCfg = Release|Win32
		{72EDEB04-011C-4752-A170-6A631F8814BF}.Release|x86.Build.0 = Release|Win32
		{3C455B2A-86B7-4EC2-80AC-9CD4A0D23953}.Debug|x64.ActiveCfg = Debug|x64
		{3C455B2A-86B7-4EC2-80AC-9CD4A0D23953}.Debug|x64.Build.0 = Debug|x64
		{3C455B2A-86B7-4EC2-80AC-9CD4A0D23953}.Debug|x86.ActiveCfg = Debug|Win32
		{3C455B2A-86B7-4EC2-80AC-9CD4A0D23953}.Debug|x86.Build.0 = Debug|Win32
		{3C455B2A-86B7-4EC2-80AC-9CD4A0D23953}.Release|x64.ActiveCfg = Release|x64
		{3C455B2A-86B7-4EC2-80AC-9CD4A0D23953}.Release|x64.Build.0 = Release|x64
		{3C455B2A-86B7-4EC2-80AC-9CD4A0D23953}.Release|x86.ActiveCfg = Release|Win32
		{3C455B2A-86B7-4EC2-80AC-9CD4A0D23953}.Release|x86.Build.0 = Release|Win32
		{B1AF3621-A571-48D1-884A-1B50878645C1}.Debug|x64.ActiveCfg = Debug|x64
		{B1AF3621-A571-48D1-884A-1B50878645C1}.Debug|x64.Build.0 = Debug|x64
		{B1AF3621-A571-48D1-884A-1B50878645C1}.Debug|x86.ActiveCfg = Debug|Win32
		{B1AF3621-A571-48D1-884A-1B50878645C1}.Debug|x86.Build.0 = Debug|Win32
		{B1AF3621-A571-48D1-884A-1B50878645C1}.Release|x64.ActiveCfg = Release|x64
		{B1AF3621-A571-48D1-884A-1B50878645C1}.Release|x64.Build.0 = Release|x64
		{B1AF3621-A571-48D1-884A-1B50878645C1}.Release|x86.ActiveCfg = Release|Win32
		{B1AF3621-A571-48D1-884A-1B50878645C1}.Release|x86.Build.0 = Release|Win32
		{F9ED7F25-E218-46F4-94B0-055ACF2BADFE}.Debug|x64.ActiveCfg = Debug|x64
		{F9ED7F25-E218-46F4-94B0-055ACF2BADFE}.Debug|x64.Build.0 = Debug|x64
		{F9ED7F25-E218-46F4-94B0-055ACF2BADFE}.Debug|x86.ActiveCfg = Debug|Win32
		{F9ED7F25-E218-46F4-94B0-055ACF2BADFE}.Debug|x86.Build.0 = Debug|Win32
		{F9ED7F25-E218-46F4-94B0-055ACF2BADFE}.Release|x64.ActiveCfg = Release|x64
		{F9ED7F25-E218-46F4-94B0-055ACF2BADFE}.Release|x64.Build.0 = Release|x64
		{F9ED7F25-E218-46F4-94B0-055ACF2BADFE}.Release|x86.ActiveCfg = Release|Win32
		{F9ED7F25-E218-46F4-94B0-055ACF2BADFE}.Release|x86.Build.0 = Release|Win32
		{0C4BCCC2-97A5-4168-A28D-4BA0A3364875}.Debug|x64.ActiveCfg = Debug|x64
		{0C4BCCC2-97A5-4168-A28D-4BA0A3364875}.Debug|x64.Build.0 = Debug|x64
		{0C4BCCC2-97A5-4168-A28D-4BA0A3364875}.Debug|x86.ActiveCfg = Debug|Win32
		{0C4BCCC2-97A5-4168-A28D-4BA0A3364875}.Debug|x86.Build.0 = Debug|Win32
		{0C4BCCC2-97A5-4168-A28D-4BA0A3364875}.Release|x64.ActiveCfg = Release|x64
		{0C4BCCC2-97A5-4168-A28D-4BA0A3364875}.Release|x64.Build.0 = Release|x64
		{0C4BCCC2-97A5-4168-A28D-4BA0A3364875}.Release|x86.ActiveCfg = Release|Win32
		{0C4BCCC2-97A5-4168-A28D-4BA0A3364875}.Release|x86.Build.0 = Release|Win32
		{8D03076D-65C7-42A5-B13B-C1B6972F0D73}.Debug|x64.ActiveCfg = Debug|x64
		{8D03076D-65C7-42A5-B13B-C1B6972F0D73}.Debug|x64.Build.0 = Debug|x64
		{8D03076D-65C7-42A5-B13B-C1B6972F0D73}.Debug|x86.ActiveCfg = Debug|Win32
		{8D03076D-65C7-42A5-B13B-C1B6972F0D73}.Debug|x86.Build.0 = Debug|Win32
		{8D03076D-65C7-42A5-B13B-C1B6972F0D73}.Release|x64.ActiveCfg = Release|x64
		{8D03076D-65C7-42A5-B13B-C1B6972F0D73}.Release|x64.Build.0 = Release|x64
		{8D03076D-65C7-42A5-B13B-C1B6972F0D73}.Release|x86.ActiveCfg = Release|Win32
		{8D03076D-65C7-42A5-B13B-C1B6972F0D73}.Release|x86.Build.0 = Release|Win32
		{A3E7E366-B942-4069-881B-D7739D92C253}.Debug|x64.ActiveCfg = Debug|x64
		{A3E7E366-B942-4069-881B-D7739D92C253}.Debug|x64.Build.0 = Debug|x64
		{A3E7E366-B942-4069-881B-D7739D92C253}.Debug|x86.ActiveCfg = Debug|Win32
		{A3E7E366-B942-4069-881B-D7739D92C253}.Debug|x86.Build.0 = Debug|Win32
		{A3E7E366-B942-4069-881B-D7739D92C253}.Release|x64.ActiveCfg = Release|x64
		{A3E7E366-B942-4069-881B-D7739D92C253}.Release|x64.Build.0 = Release|x64
		{A3E7E366-B942-4069-881B-D7739D92C253}.Release|x86.ActiveCfg = Release|Win32
		{A3E7E366-B942-4069-881B-D7739D92C253}.Release|x86.Build.0 = Release|Win32
		{ACDBDCE8-D002-4D37-A2D3-59F8E3F6A284}.Debug|x64.ActiveCfg = Debug|x64
		{ACDBDCE8-D002-4D37-A2D3-59F8E3F6A284}.Debug|x64.Build.0 = Debug|x64
		{ACDBDCE8-D002-4D37-A2D3-59F8E3F6A284}.Debug|x86.ActiveCfg = Debug|Win32
		{ACDBDCE8-D002-4D37-A2D3-59F8E3F6A284}.Debug|x86.Build.0 = Debug|Win32
		{ACDBDCE8-D002-4D37-A2D3-59F8E3F6A284}.Release|x64.ActiveCfg = Release|x64
		{ACDBDCE8-D002-4D37-A2D3-59F8E3F6A284}.Release|x64.Build.0 = Release|x64
		{ACDBDCE8-D002-4D37-A2D3-59F8E3F6A284}.Release|x86.ActiveCfg = Release|Win32
		{ACDBDCE8-D002-4D37-A2D3-59F8E3F6A284}.Release|x86.Build.0 = Release|Win32
		{04411755-639D-42FC-9A7C-A014348C7538}.Debug|x64.ActiveCfg = Debug|x64
		{04411755-639D-42FC-9A7C-A014348C7538}.Debug|x64.Build.0 = Debug|x64
		{04411755-639D-42FC-9A7C-A014348C7538}.Debug|x86.ActiveCfg = Debug|Win32
		{04411755-639D-42FC-9A7C-A014348C7538}.Debug|x86.Build.0 = Debug|Win32
		{04411755-639D-42FC-9A7C-A014348C7538}.Release|x64.ActiveCfg = Release|x64
		{04411755-639D-42FC-9A7C-A014348C7538}.Release|x64.Build.0 = Release|x64
		{04411755-639D-42FC-9A7C-A014348C7538}.Release|x86.ActiveCfg = Release|Win32
		{04411755-639D-42FC-9A7C-A014348C7538}.Release|x86.Build.0 = Release|Win32
		{B33ECB84-0833-4381-90DD-8441D088B596}.Debug|x64.ActiveCfg = Debug|x64
		{B33ECB84-0833-4381-90DD-8441D088B596}.Debug|x64.Build.0 = Debug|x64
		{B33ECB84-0833-4381-90DD-8441D088B596}.Debug|x86.ActiveCfg = Debug|Win32
		{B33ECB84-0833-4381-90DD-8441D088B596}.Debug|x86.Build.0 = Debug|Win32
		{B33ECB84-0833-4381-90DD-8441D088B596}.Release|x64.ActiveCfg = Release|x64
		{B33ECB84-0833-4381-90DD-8441D088B596}.Release|x64.Build.0 = Release|x64
		{B33ECB84-0833-4381-90DD-8441D088B596}.Release|x86.ActiveCfg = Release|Win32
		{B33ECB84-0833-4381-90DD-8441D088B596}.Release|x86.Build.0 = Release|Win32
		{FA365B1F-0987-4575-BF0C-35FB4EE37358}.Debug|x64.ActiveCfg = Debug|x64
		{FA365B1F-0987-4575-BF0C-35FB4EE37358}.Debug|x64.Build.0 = Debug|x64
		{FA365B1F-0987-4575-BF0C-35FB4EE37358}.Debug|x86.ActiveCfg = Debug|Win32
		{FA365B1F-0987-4575-BF0C-35FB4EE37358}.Debug|x86.Build.0 = Debug|Win32
		{FA365B1F-0987-4575-BF0C-35FB4EE37358}.Release|x64.ActiveCfg = Release|x64
		{FA365B1F-0987-4575-BF0C-35FB4EE37358}.Release|x64.Build.0 = Release|x64
		{FA365B1F-0987-4575-BF0C-35FB4EE37358}.Release|x86.ActiveCfg = Release|Win32
		{FA365B1F-0987-4575-BF0C-35FB4EE37358}.Release|x86.Build.0 = Release|Win32
		{BCE4131E-B691-4893-9E55-EBAD72D4DF38}.Debug|x64.ActiveCfg = Debug|x64
		{BCE4131E-B691-4893-9E55-EBAD72D4DF38}.Debug|x64.Build.0 = Debug|x64
		{BCE4131E-B691-4893-9E55-EBAD72D4DF38}.Debug|x86.ActiveCfg = Debug|Win32
		{BCE4131E-B691-4893-9E55-EBAD72D4DF38}.Debug|x86.Build.0 = Debug|Win32
		{BCE4131E-B691-4893-9E55-EBAD72D4DF38}.Release|x64.ActiveCfg = Release|x64
		{BCE4131E-B691-4893-9E55-EBAD72D4DF38}.Release|x64.Build.0 = Release|x64
		{BCE4131E-B691-4893-9E55-EBAD72D4DF38}.Release|x86.ActiveCfg = Release|Win32
		{BCE4131E-B691-4893-9E55-EBAD72D4DF38}.Release|x86.Build.0 = Release|Win32
		{570C39FD-5C40-4309-A518-8BB4920D966C}.Debug|x64.ActiveCfg = Debug|x64
		{570C39FD-5C40-4309-A518-8BB4920D966C}.Debug|x64.Build.0 = Debug|x64
		{570C39FD-5C40-4309-A518-8BB4920D966C}.Debug|x86.ActiveCfg = Debug|Win32
		{570C39FD-5C40-4309-A518-8BB4920D966C}.Debug|x86.Build.0 = Debug|Win32
		{570C39FD-5C40-4309-A518-8BB4920D966C}.Release|x64.ActiveCfg = Release|x64
		{570C39FD-5C40-4309-A518-8BB4920D966C}.Release|x64.Build.0 = Release|x64
		{570C39FD-5C40-4309-A518-8BB4920D966C}.Release|x86.ActiveCfg = Release|Win32
		{570C39FD-5C40-4309-A518-8BB4920D966C}.Release|x86.Build.0 = Release|Win32
		{68E9B01A-1336-43BF-B63F-83FBF7C68F82}.Debug|x64.ActiveCfg = Debug|x64
		{68E9B01A-1336-43BF-B63F-83FBF7C68F82}.Debug|x64.Build.0 = Debug|x64
		{68E9B01A-1336-43BF-B63F-83FBF7C68F82}.Debug|x86.ActiveCfg = Debug|Win32
		{68E9B01A-1336-43BF-B63F-83FBF7C68F82}.Debug|x86.Build.0 = Debug|Win32
		{68E9B01A-1336-43BF-B63F-83FBF7C68F82}.Release|x64.ActiveCfg = Release|x64
		{68E9B01A-1336-43BF-B63F-83FBF7C68F82}.Release|x64.Build.0 = Release|x64
		{68E9B01A-1336-43BF-B63F-83FBF7C68F82}.Release|x86.ActiveCfg = Release|Win32
		{68E9B01A-1336-43BF-B63F-83FBF7C68F82}.Release|x86.Build.0 = Release|Win32
		{4F3BD874-866A-4300-9306-57F7D9A019A2}.Debug|x64.ActiveCfg = Debug|x64
		{4F3BD874-866A-4300-9306-57F7D9A019A2}.Debug|x64.Build.0 = Debug|x64
		{4F3BD874-866A-4300-9306-57F7D9A019A2}.Debug|x86.ActiveCfg = Debug|Win32
		{4F3BD874-866A-4300-9306-57F7D9A019A2}.Debug|x86.Build.0 = Debug|Win32
		{4F3BD874-866A-4300-9306-57F7D9A019A2}.Release|x64.ActiveCfg = Release|x64
		{4F3BD874-866A-4300-9306-57F7D9A019A2}.Release|x64.Build.0 = Release|x64
		{4F3BD874-866A-4300-9306-57F7D9A019A2}.Release|x86.ActiveCfg = Release|Win32
		{4F3BD874-866A-4300-9306-57F7D9A019A2}.Release|x86.Build.0 = Release|Win32
		{522CE988-9E92-4F68-8BAD-02280D37BF12}.Debug|x64.ActiveCfg = Debug|x64
		{522CE988-9E92-4F68-8BAD-02280D37BF12}.Debug|x64.Build.0 = Debug|x64
		{522CE988-9E92-4F68-8BAD-02280D37BF12}.Debug|x86.ActiveCfg = Debug|Win32
		{522CE988-9E92-4F68-8BAD-02280D37BF12}.Debug|x86.Build.0 = Debug|Win32
		{522CE988-9E92-4F68-8BAD-02280D37BF12}.Release|x64.ActiveCfg = Release|x64
		{522CE988-9E92-4F68-8BAD-02280D37BF12}.Release|x64.Build.0 = Release|x64
		{522CE988-9E92-4F68-8BAD-02280D37BF12}.Release|x86.ActiveCfg = Release|Win32
		{522CE988-9E92-4F68-8BAD-02280D37BF12}.Release|x86.Build.0 = Release|Win32
		{1EB8681E-4294-4A75-B403-9FF4DEB36A08}.Debug|x64.ActiveCfg = Debug|x64
		{1EB8681E-4294-4A75-B403-9FF4DEB36A08}.Debug|x64.Build.0 = Debug|x64
		{1EB8681E-4294-4A75-B403-9FF4DEB36A08}.Debug|x86.ActiveCfg = Debug|Win32
		{1EB8681E-4294-4A75-B403-9FF4DEB36A08}.Debug|x86.Build.0 = Debug|Win32
		{1EB8681E-4294-4A75-B403-9FF4DEB36A08}.Release|x64.ActiveCfg = Release|x64
		{1EB8681E-4294-4A75-B403-9FF4DEB36A08}.Release|x64.Build.0 = Release|x64
		{1EB8681E-4294-4A75-B403-9FF4DEB36A08}.Release|x86.ActiveCfg = Release|Win32
		{1EB8681E-4294-4A75-B403-9FF4DEB36A08}.Release|x86.Build.0 = Release|Win32
		{6F547189-DC47-4267-84AF-EB2932621DE4}.Debug|x64.ActiveCfg = Debug|x64
		{6F547189-DC47-4267-84AF-EB2932621DE4}.Debug|x64.Build.0 = Debug|x64
		{6F547189-DC47-4267-84AF-EB2932621DE4}.Debug|x86.ActiveCfg = Debug|Win32
		{6F547189-DC47-4267-84AF-EB2932621DE4}.Debug|x86.Build.0 = Debug|Win32
		{6F547189-DC47-4267-84AF-EB2932621DE4}.Release|x64.ActiveCfg = Release|x64
		{6F547189-DC47-4267-84AF-EB2932621DE4}.Release|x64.Build.0 = Release|x64
		{6F547189-DC47-4267-84AF-EB2932621DE4}.Release|x86.ActiveCfg = Release|Win32
		{6F547189-DC47-4267-84AF-EB2932621DE4}.Release|x86.Build.0 = Release|Win32
		{B32DF84F-D105-4AC1-BC87-FADAFEE45FDA}.Debug|x64.ActiveCfg = Debug|x64
		{B32DF84F-D105-4AC1-BC87-FADAFEE45FDA}.Debug|x64.Build.0 = Debug|x64
		{B32DF84F-D105-4AC1-BC87-FADAFEE45FDA}.Debug|x86.ActiveCfg = Debug|Win32
		{B32DF84F-D105-4AC1-BC87-FADAFEE45FDA}.Debug|x86.Build.0 = Debug|Win32
		{B32DF84F-D105-4AC1-BC87-FADAFEE45FDA}.Release|x64.ActiveCfg = Release|x64
		{B32DF84F-D105-4AC1-BC87-FADAFEE45FDA}.Release|x64.Build.0 = Release|x64
		{B32DF84F-D105-4AC1-BC87-FADAFEE45FDA}.Release|x86.ActiveCfg = Release|Win32
		{B32DF84F-D105-4AC1-BC87-FADAFEE45FDA}.Release|x86.Build.0 = Release|Win32
		{3BB2B849-21EB-4751-BE2E-F21DECAA62C5}.Debug|x64.ActiveCfg = Debug|x64
		{3BB2B849-21EB-4751-BE2E-F21DECAA62C5}.Debug|x64.Build.0 = Debug|x64
		{3BB2B849-21EB-4751-BE2E-F21DECAA62C5}.Debug|x86.ActiveCfg = Debug|Win32
		{3BB2B849-21EB-4751-BE2E-F21DECAA62C5}.Debug|x86.Build.0 = Debug|Win32
		{3BB2B849-21EB-4751-BE2E-F21DECAA62C5}.Release|x64.ActiveCfg = Release|x64
		{3BB2B849-21EB-4751-BE2E-F21DECAA62C5}.Release|x64.Build.0 = Release|x64
		{3BB2B849-21EB-4751-BE2E-F21DECAA62C5}.Release|x86.ActiveCfg = Release|Win32
		{3BB2B849-21EB-4751-BE2E-F21DECAA62C5}.Release|x86.Build.0 = Release|Win32
		{04EC7677-1671-44B2-8F51-E58B779B2D57}.Debug|x64.ActiveCfg = Debug|x64
		{04EC7677-1671-44B2-8F51-E58B779B2D57}.Debug|x64.Build.0 = Debug|x64
		{04EC7677-1671-44B2-8F51-E58B779B2D57}.Debug|x86.ActiveCfg = Debug|Win32
		{04EC7677-1671-44B2-8F51-E58B779B2D57}.Debug|x86.Build.0 = Debug|Win32
		{04EC7677-1671-44B2-8F51-E58B779B2D57}.Release|x64.ActiveCfg = Release|x64
		{04EC7677-1671-44B2-8F51-E58B779B2D57}.Release|x64.Build.0 = Release|x64
		{04EC7677-1671-44B2-8F51-E58B779B2D57}.Release|x86.ActiveCfg = Release|Win32
		{04EC7677-1671-44B2-8F51-E58B779B2D57}.Release|x86.Build.0 = Release|Win32
		{474FBE1A-FC34-4A6E-8FB8-7D5A1D4377FB}.Debug|x64.ActiveCfg = Debug|x64
		{474FBE1A-FC34-4A6E-8FB8-7D5A1D4377FB}.Debug|x64.Build.0 = Debug|x64
		{474FBE1A-FC34-4A6E-8FB8-7D5A1D4377FB}.Debug|x86.ActiveCfg = Debug|Win32
		{474FBE1A-FC34-4A6E-8FB8-7D5A1D4377FB}.Debug|x86.Build.0 = Debug|Win32
		{474FBE1A-FC34-4A6E-8FB8-7D5A1D4377FB}.Release|x64.ActiveCfg = Release|x64
		{474FBE1A-FC34-4A6E-8FB8-7D5A1D4377FB}.Release|x64.Build.0 = Release|x64
		{474FBE1A-FC34-4A6E-8FB8-7D5A1D4377FB}.Release|x86.ActiveCfg = Release|Win32
		{474FBE1A-FC34-4A6E-8FB8-7D5A1D4377FB}.Release|x86.Build.0 = Release|Win32
		{363E6903-BA01-4D68-BCD6-98809CD5CE48}.Debug|x64.ActiveCfg = Debug|x64
		{363E6903-BA01-4D68-BCD6-98809CD5CE48}.Debug|x64.Build.0 = Debug|x64
		{363E6903-BA01-4D68-BCD6-98809CD5CE48}.Debug|x86.ActiveCfg = Debug|Win32
		{363E6903-BA01-4D68-BCD6-98809CD5CE48}.Debug|x86.Build.0 = Debug|Win32
		{363E6903-BA01-4D68-BCD6-98809CD5CE48}.Release|x64.ActiveCfg = Release|x64
		{363E6903-BA01-4D68-BCD6-98809CD5CE48}.Release|x64.Build.0 = Release|x64
		{363E6903-BA01-4D68-BCD6-98809CD5CE48}.Release|x86.ActiveCfg = Release|Win32
		{363E6903-BA01-4D68-BCD6-98809CD5CE48}.Release|x86.Build.0 = Release|Win32
		{93C268AE-8009-4AD8-B704-F2F3803F61E5}.Debug|x64.ActiveCfg = Debug|x64
		{93C268AE-8009-4AD8-B704-F2F3803F61E5}.Debug|x64.Build.0 = Debug|x64
		{93C268AE-8009-4AD8-B704-F2F3803F61E5}.Debug|x86.ActiveCfg = Debug|Win32
		{93C268AE-8009-4AD8-B704-F2F3803F61E5}.Debug|x86.Build.0 = Debug|Win32
		{93C268AE-8009-4AD8-B704-F2F3803F61E5}.Release|x64.ActiveCfg = Release|x64
		{93C268AE-8009-4AD8-B704-F2F3803F61E5}.Release|x64.Build.0 = Release|x64
		{93C268AE-8009-4AD8-B704-F2F3803F61E5}.Release|x86.ActiveCfg = Release|Win32
		{93C268AE-8009-4AD8-B704-F2F3803F61E5}.Release|x86.Build.0 = Release|Win32
		{A1992378-B100-4EF2-8EA3-A855D7FE201E}.Debug|x64.ActiveCfg = Debug|x64
		{A1992378-B100-4EF2-8EA3-A855D7FE201E}.Debug|x64.Build.0 = Debug|x64
		{A1992378-B100-4EF2-8EA3-A855D7FE201E}.Debug|x86.ActiveCfg = Debug|Win32
		{A1992378-B100-4EF2-8EA3-A855D7FE201E}.Debug|x86.Build.0 = Debug|Win32
		{A1992378-B100-4EF2-8EA3-A855D7FE201E}.Release|x64.ActiveCfg = Release|x64
		{A1992378-B100-4EF2-8EA3-A855D7FE201E}.Release|x64.Build.0 = Release|x64
		{A1992378-B100-4EF2-8EA3-A855D7FE201E}.Release|x86.ActiveCfg = Release|Win32
		{A1992378-B100-4EF2-8EA3-A855D7FE201E}.Release|x86.Build.0 = Release|Win32
		{1E21D588-02F6-4B30-ACCD-D2C9AAF1068B}.Debug|x64.ActiveCfg = Debug|x64
		{1E21D588-02F6-4B30-ACCD-D2C9AAF1068B}.Debug|x64.Build.0 = Debug|x64
		{1E21D588-02F6-4B30-ACCD-D2C9AAF1068B}.Debug|x86.ActiveCfg = Debug|Win32
		{1E21D588-02F6-4B30-ACCD-D2C9AAF1068B}.Debug|x86.Build.0 = Debug|Win32
		{1E21D588-02F6-4B30-ACCD-D2C9AAF1068B}.Release|x64.ActiveCfg = Release|x64
		{1E21D588-02F6-4B30-ACCD-D2C9AAF1068B}.Release|x64.Build.0 = Release|x64
		{1E21D588-02F6-4B30-ACCD-D2C9AAF1068B}.Release|x86.ActiveCfg = Release|Win32
		{1E21D588-02F6-4B30-ACCD-D2C9AAF1068B}.Release|x86.Build.0 = Release|Win32
		{26745A14-E8A1-4FD5-906C-505DA189F1D7}.Debug|x64.ActiveCfg = Debug|x64
		{26745A14-E8A1-4FD5-906C-505DA189F1D7}.Debug|x64.Build.0 = Debug|x64
		{26745A14-E8A1-4FD5-906C-505DA189F1D7}.Debug|x86.ActiveCfg = Debug|Win32
		{26745A14-E8A1-4FD5-906C-505DA189F1D7}.Debug|x86.Build.0 = Debug|Win32
		{26745A14-E8A1-4FD5-906C-505DA189F1D7}.Release|x64.ActiveCfg = Release|x64
		{26745A14-E8A1-4FD5-906C-505DA189F1D7}.Release|x64.Build.0 = Release|x64
		{26745A14-E8A1-4FD5-906C-505DA189F1D7}.Release|x86.ActiveCfg = Release|Win32
		{26745A14-E8A1-4FD5-906C-505DA189F1D7}.Release|x86.Build.0 = Release|Win32
		{C4FEE08E-CBEA-4796-9EDC-016208A68038}.Debug|x64.ActiveCfg = Debug|x64
		{C4FEE08E-CBEA-4796-9EDC-016208A68038}.Debug|x64.Build.0 = Debug|x64
		{C4FEE08E-CBEA-4796-9EDC-016208A68038}.Debug|x86.ActiveCfg = Debug|Win32
		{C4FEE08E-CBEA-4796-9EDC-016208A68038}.Debug|x86.Build.0 = Debug|Win32
		{C4FEE08E-CBEA-4796-9EDC-016208A68038}.Release|x64.ActiveCfg = Release|x64
		{C4FEE08E-CBEA-4796-9EDC-016208A68038}.Release|x64.Build.0 = Release|x64
		{C4FEE08E-CBEA-4796-9EDC-016208A68038}.Release|x86.ActiveCfg = Release|Win32
		{C4FEE08E-CBEA-4796-9EDC-016208A68038}.Release|x86.Build.0 = Release|Win32
		{D7E196E2-6E36-4D66-AB0E-C21DB1228CE8}.Debug|x64.ActiveCfg = Debug|x64
		{D7E196E2-6E36-4D66-AB0E-C21DB1228CE8}.Debug|x64.Build.0 = Debug|x64
		{D7E196E2-6E36-4D66-AB0E-C21DB1228CE8}.Debug|x86.ActiveCfg = Debug|Win32
		{D7E196E2-6E36-4D66-AB0E-C21DB1228CE8}.Debug|x86.Build.0 = Debug|Win32
		{D7E196E2-6E36-4D66-AB0E-C21DB1228CE8}.Release|x64.ActiveCfg = Release|x64
		{D7E196E2-6E36-4D66-AB0E-C21DB1228CE8}.Release|x64.Build.0 = Release|x64
		{D7E196E2-6E36-4D66-AB0E-C21DB1228CE8}.Release|x86.ActiveCfg = Release|Win32
		{D7E196E2-6E36-4D66-AB0E-C21DB1228CE8}.Release|x86.Build.0 = Release|Win32
		{F9C95A78-67E4-45C4-8534-4C6F844922CE}.Debug|x64.ActiveCfg = Debug|x64
		{F9C95A78-67E4-45C4-8534-4C6F844922CE}.Debug|x64.Build.0 = Debug|x64
		{F9C95A78-67E4-45C4-8534-4C6F844922CE}.Debug|x86.ActiveCfg = Debug|Win32
		{F9C95A78-67E4-45C4-8534-4C6F844922CE}.Debug|x86.Build.0 = Debug|Win32
		{F9C95A78-67E4-45C4-8534-4C6F844922CE}.Release|x64.ActiveCfg = Release|x64
		{F9C95A78-67E4-45C4-8534-4C6F844922CE}.Release|x64.Build.0 = Release|x64
		{F9C95A78-67E4-45C4-8534-4C6F844922CE}.Release|x86.ActiveCfg = Release|Win32
		{F9C95A78-67E4-45C4-8534-4C6F844922CE}.Release|x86.Build.0 = Release|Win32
		{D2BDD942-1E46-4BCD-9392-F3199F58D04F}.Debug|x64.ActiveCfg = Debug|x64
		{D2BDD942-1E46-4BCD-9392-F3199F58D04F}.Debug|x64.Build.0 = Debug|x64
		{D2BDD942-1E46-4BCD-9392-F3199F58D04F}.Debug|x86.ActiveCfg = Debug|Win32
		{D2BDD942-1E46-4BCD-9392-F3199F58D04F}.Debug|x86.Build.0 = Debug|Win32
		{D2BDD942-1E46-4BCD-9392-F3199F58D04F}.Release|x64.ActiveCfg = Release|x64
		{D2BDD942-1E46-4BCD-9392-F3199F58D04F}.Release|x64.Build.0 = Release|x64
		{D2BDD942-1E46-4BCD-9392-F3199F58D04F}.Release|x86.ActiveCfg = Release|Win32
		{D2BDD942-1E46-4BCD-9392-F3199F58D04F}.Release|x86.Build.0 = Release|Win32
		{7FD4C1C5-6BB3-41F9-ADDA-B5E35E73AE12}.Debug|x64.ActiveCfg = Debug|x64
		{7FD4C1C5-6BB3-41F9-ADDA-B5E35E73AE12}.Debug|x64.Build.0 = Debug|x64
		{7FD4C1C5-6BB3-41F9-ADDA-B5E35E73AE12}.Debug|x86.ActiveCfg = Debug|Win32
		{7FD4C1C5-6BB3-41F9-ADDA-B5E35E73AE12}.Debug|x86.Build.0 = Debug|Win32
		{7FD4C1C5-6BB3-41F9-ADDA-B5E35E73AE12}.Release|x64.ActiveCfg = Release|x64
		{7FD4C1C5-6BB3-41F9-ADDA-B5E35E73AE12}.Release|x64.Build.0 = Release|x64
		{7FD4C1C5-6BB3-41F9-ADDA-B5E35E73AE12}.Release|x86.ActiveCfg = Release|Win32
		{7FD4C1C5-6BB3-41F9-ADDA-B5E35E73AE12}.Release|x86.Build.0 = Release|Win32
		{0657B8EA-0EA0-49A7-B7AB-D6E829C8326D}.Debug|x64.ActiveCfg = Debug|x64
		{0657B8EA-0EA0-49A7-B7AB-D6E829C8326D}.Debug|x64.Build.0 = Debug|x64
		{0657B8EA-0EA0-49A7-B7AB-D6E829C8326D}.Debug|x86.ActiveCfg = Debug|Win32
		{0657B8EA-0EA0-49A7-B7AB-D6E829C8326D}.Debug|x86.Build.0 = Debug|Win32
		{0657B8EA-0EA0-49A7-B7AB-D6E829C8326D}.Release|x64.ActiveCfg = Release|x64
		{0657B8EA-0EA0-49A7-B7AB-D6E829C8326D}.Release|x64.Build.0 = Release|x64
		{0657B8EA-0EA0-49A7-B7AB-D6E829C8326D}.Release|x86.ActiveCfg = Release|Win32
		{0657B8EA-0EA0-49A7-B7AB-D6E829C8326D}.Release|x86.Build.0 = Release|Win32
		{6F6F38FE-FB61-4039-8A79-8BDBB72331DA}.Debug|x64.ActiveCfg = Debug|x64
		{6F6F38FE-FB61-4039-8A79-8BDBB72331DA}.Debug|x64.Build.0 = Debug|x64
		{6F6F38FE-FB61-4039-8A79-8BDBB72331DA}.Debug|x86.ActiveCfg = Debug|Win32
		{6F6F38FE-FB61-4039-8A79-8BDBB72331DA}.Debug|x86.Build.0 = Debug|Win32
		{6F6F38FE-FB61-4039-8A79-8BDBB72331DA}.Release|x64.ActiveCfg = Release|x64
		{6F6F38FE-FB61-4039-8A79-8BDBB72331DA}.Release|x64.Build.0 = Release|x64
		{6F6F38FE-FB61-4039-8A79-8BDBB72331DA}.Release|x86.ActiveCfg = Release|Win32
		{6F6F38FE-FB61-4039-8A79-8BDBB72331DA}.Release|x86.Build.0 = Release|Win32
		{60028CCC-46C2-4D98-944A-C6CEBA99631C}.Debug|x64.ActiveCfg = Debug|x64
		{60028CCC-46C2-4D98-944A-C6CEBA99631C}.Debug|x64.Build.0 = Debug|x64
		{60028CCC-46C2-4D98-944A-C6CEBA99631C}.Debug|x86.ActiveCfg = Debug|Win32
		{60028CCC-46C2-4D98-944A-C6CEBA99631C}.Debug|x86.Build.0 = Debug|Win32
		{60028CCC-46C2-4D98-944A-C6CEBA99631C}.Release|x64.ActiveCfg = Release|x64
		{60028CCC-46C2-4D98-944A-C6CEBA99631C}.Release|x64.Build.0 = Release|x64
		{60028CCC-46C2-4D98-944A-C6CEBA99631C}.Release|x86.ActiveCfg = Release|Win32
		{60028CCC-46C2-4D98-944A-C6CEBA99631C}.Release|x86.Build.0 = Release|Win32
		{71C280DA-5A87-4945-A347-B3605730E342}.Debug|x64.ActiveCfg = Debug|x64
		{71C280DA-5A87-4945-A347-B3605730E342}.Debug|x64.Build.0 = Debug|x64
		{71C280DA-5A87-4945-A347-B3605730E342}.Debug|x86.ActiveCfg = Debug|Win32
		{71C280DA-5A87-4945-A347-B3605730E342}.Debug|x86.Build.0 = Debug|Win32
		{71C280DA-5A87-4945-A347-B3605730E342}.Release|x64.ActiveCfg = Release|x64
		{71C280DA-5A87-4945-A347-B3605730E342}.Release|x64.Build.0 = Release|x64
		{71C280DA-5A87-4945-A347-B3605730E342}.Release|x86.ActiveCfg = Release|Win32
		{71C280DA-5A87-4945-A347-B3605730E342}.Release|x86.Build.0 = Release|Win32
		{CC12FF52-F79C-4768-B896-257CA6D6F2AF}.Debug|x64.ActiveCfg = Debug|x64
		{CC12FF52-F79C-4768-B896-257CA6D6F2AF}.Debug|x64.Build.0 = Debug|x64
		{CC12FF52-F79C-4768-B896-257CA6D6F2AF}.Debug|x86.ActiveCfg = Debug|Win32
		{CC12FF52-F79C-4768-B896-257CA6D6F2AF}.Debug|x86.Build.0 = Debug|Win32
		{CC12FF52-F79C-4768-B896-257CA6D6F2AF}.Release|x64.ActiveCfg = Release|x64
		{CC12FF52-F79C-4768-B896-257CA6D6F2AF}.Release|x64.Build.0 = Release|x64
		{CC12FF52-F79C-4768-B896-257CA6D6F2AF}.Release|x86.ActiveCfg = Release|Win32
		{CC12FF52-F79C-4768-B896-257CA6D6F2AF}.Release|x86.Build.0 = Release|Win32
	EndGlobalSection
	GlobalSection(SolutionProperties) = preSolution
		HideSolutionNode = FALSE
	EndGlobalSection
	GlobalSection(ExtensibilityGlobals) = postSolution
		SolutionGuid = {4B2E70C6-D620-4921-B8B9-0B03298C7CBA}
	EndGlobalSection
EndGlobal
