
Microsoft Visual Studio Solution File, Format Version 12.00
# Visual Studio Version 17
VisualStudioVersion = 17.14.36408.4
MinimumVisualStudioVersion = 10.0.40219.1
Project("{8BC9CEB8-8B4A-11D0-8D11-00A0C91BC942}") = "Resume", "Resume\Resume.vcxproj", "{4E7A3B3F-A494-48F3-9923-99A7C98FBBC3}"
EndProject
Project("{8BC9CEB8-8B4A-11D0-8D11-00A0C91BC942}") = "_map", "_map\_map.vcxproj", "{AB8708D5-87A6-410F-9C95-775ABBCFBBC4}"
EndProject
Project("{8BC9CEB8-8B4A-11D0-8D11-00A0C91BC942}") = "range_based_FOR", "range_based_FOR\range_based_FOR.vcxproj", "{C560C678-B23B-4868-91DA-46ED496A2FB2}"
EndProject
Project("{8BC9CEB8-8B4A-11D0-8D11-00A0C91BC942}") = "_initializer_list", "_initializer_list\_initializer_list.vcxproj", "{C6C9142B-8990-42C2-821F-9447C9B76C26}"
EndProject
Project("{8BC9CEB8-8B4A-11D0-8D11-00A0C91BC942}") = "Abstract Class", "Abstract Class\Abstract Class.vcxproj", "{C57E16D9-E992-4984-B4A0-68E2409019BB}"
EndProject
Project("{8BC9CEB8-8B4A-11D0-8D11-00A0C91BC942}") = "Access Specifiers", "Access Specifiers\Access Specifiers.vcxproj", "{C7865844-68CA-487B-9E3A-DC9FD75AB5F5}"
EndProject
Project("{8BC9CEB8-8B4A-11D0-8D11-00A0C91BC942}") = "Inheritance", "Inheritance\Inheritance.vcxproj", "{7FEF84F3-D89D-4139-BE95-B765DD14233F}"
EndProject
Project("{8BC9CEB8-8B4A-11D0-8D11-00A0C91BC942}") = "Array", "Array\Array.vcxproj", "{37790766-331A-4325-9FD3-7C9DA3B17E70}"
EndProject
Project("{8BC9CEB8-8B4A-11D0-8D11-00A0C91BC942}") = "auto_keyword", "auto_keyword\auto_keyword.vcxproj", "{3FF2A7AE-8394-44AF-91A0-BBDF7E0AB27C}"
EndProject
Project("{8BC9CEB8-8B4A-11D0-8D11-00A0C91BC942}") = "Bitwise Operators", "Bitwise Operators\Bitwise Operators.vcxproj", "{923EBC56-8D13-4442-81C8-45C70E7D5E06}"
EndProject
Project("{8BC9CEB8-8B4A-11D0-8D11-00A0C91BC942}") = "Boolean Comparisons", "Boolean Comparisons\Boolean Comparisons.vcxproj", "{4633CD05-2AE4-4ED1-BAA8-BF9F9F3DDB94}"
EndProject
Project("{8BC9CEB8-8B4A-11D0-8D11-00A0C91BC942}") = "Casting", "Casting\Casting.vcxproj", "{99407AFB-C99A-40A6-BF13-7B8B5701029B}"
EndProject
Project("{8BC9CEB8-8B4A-11D0-8D11-00A0C91BC942}") = "_Hello World", "Hello World\Hello World.vcxproj", "{980A231C-2096-4EF6-8794-E3DE8F033A76}"
EndProject
Project("{8BC9CEB8-8B4A-11D0-8D11-00A0C91BC942}") = "Getters and Setters", "Getters and Setters\Getters and Setters.vcxproj", "{286B1E02-21A6-4C3F-83AB-279E916E6089}"
EndProject
Project("{8BC9CEB8-8B4A-11D0-8D11-00A0C91BC942}") = "Agregation Composition", "Agregation Composition\Agregation Composition.vcxproj", "{8D23CE43-DA10-457F-B454-0A7281E6FBCA}"
EndProject
Project("{8BC9CEB8-8B4A-11D0-8D11-00A0C91BC942}") = "Handle Class", "Handle Class\Handle Class.vcxproj", "{504D89C4-156D-441F-95B9-7C32952389CD}"
EndProject
Project("{8BC9CEB8-8B4A-11D0-8D11-00A0C91BC942}") = "Handle_Class_LIB", "Handle Class_inLIB\Handle Class_inLIB.vcxproj", "{3D25526E-4AC8-43CA-AB9C-DC533E0D2476}"
EndProject
Project("{8BC9CEB8-8B4A-11D0-8D11-00A0C91BC942}") = "Handle Class_ClientLIB", "Handle Class_Client\Handle Class_Client.vcxproj", "{FE18F80C-2FC3-4C85-9151-E7A291B5EDD3}"
EndProject
Project("{8BC9CEB8-8B4A-11D0-8D11-00A0C91BC942}") = "Handle_Class_DLL", "Handle_Class_DLL\Handle_Class_DLL.vcxproj", "{1A3BD2AB-5495-4364-8B89-332C04BB3272}"
EndProject
Project("{8BC9CEB8-8B4A-11D0-8D11-00A0C91BC942}") = "Handle_Class_ClientDLL", "Handle_ClassClientDLL\Handle_ClassClientDLL.vcxproj", "{09FE7AED-8CFE-41BE-A1CC-2029ED99BE78}"
EndProject
Project("{8BC9CEB8-8B4A-11D0-8D11-00A0C91BC942}") = "Class", "Class\Class.vcxproj", "{71B486B0-AA64-470B-B4E4-1601A0184489}"
EndProject
Project("{8BC9CEB8-8B4A-11D0-8D11-00A0C91BC942}") = "Static", "Static\Static.vcxproj", "{592A480E-B392-4568-BCD1-7C7BB1F59723}"
EndProject
Project("{8BC9CEB8-8B4A-11D0-8D11-00A0C91BC942}") = "Nested_classes", "Nested_classes\Nested_classes.vcxproj", "{E236D81A-26DC-4C7D-82D5-132D406B07B8}"
EndProject
Project("{8BC9CEB8-8B4A-11D0-8D11-00A0C91BC942}") = "Constants", "Constants\Constants.vcxproj", "{C4D43A3B-457E-48DF-AA74-F8AC91DBE78E}"
EndProject
Project("{8BC9CEB8-8B4A-11D0-8D11-00A0C91BC942}") = "Constants advanced", "Constants advanced\Constants advanced.vcxproj", "{1BC86F9C-0590-4B99-95BF-D53D83646752}"
EndProject
Project("{8BC9CEB8-8B4A-11D0-8D11-00A0C91BC942}") = "Linkage", "Linkage\Linkage.vcxproj", "{498FCB49-7D80-48E9-A4CC-1FDCDC2847C8}"
EndProject
Project("{8BC9CEB8-8B4A-11D0-8D11-00A0C91BC942}") = "Control Flow Structures", "Control Flow Structures\Control Flow Structures.vcxproj", "{20C3B143-2472-4C26-9A9F-FD61AE407F1C}"
EndProject
Project("{8BC9CEB8-8B4A-11D0-8D11-00A0C91BC942}") = "String", "String\String.vcxproj", "{46025CEF-2BD7-4C78-9E52-83B0D1ECE337}"
EndProject
Project("{8BC9CEB8-8B4A-11D0-8D11-00A0C91BC942}") = "unique_ptr", "unique_ptr\unique_ptr.vcxproj", "{C13872CC-8D23-4835-9BDF-DA0686A24FDB}"
EndProject
Project("{8BC9CEB8-8B4A-11D0-8D11-00A0C91BC942}") = "Exceptions", "Exceptions\Exceptions.vcxproj", "{F502DFF3-5AC9-4724-BE95-6216049D74D5}"
EndProject
Project("{8BC9CEB8-8B4A-11D0-8D11-00A0C91BC942}") = "Chesire Cat", "Chesire Cat\Chesire Cat.vcxproj", "{569541D1-5FFD-4910-A65E-6A3A2730B0C8}"
EndProject
Project("{8BC9CEB8-8B4A-11D0-8D11-00A0C91BC942}") = "Copy Constructor", "Copy Constructor\Copy Constructor.vcxproj", "{7E981114-1C5D-4D7A-826B-0F2220DF3F5B}"
EndProject
Project("{8BC9CEB8-8B4A-11D0-8D11-00A0C91BC942}") = "Accessors and Mutators", "Accessors and Mutators\Accessors and Mutators.vcxproj", "{41C2CC16-D4B9-42C8-AD18-529536B2B618}"
EndProject
Project("{8BC9CEB8-8B4A-11D0-8D11-00A0C91BC942}") = "Data Types", "Data Types\Data Types.vcxproj", "{F9A65BF8-E984-4A30-92A7-F244278DA478}"
EndProject
Project("{8BC9CEB8-8B4A-11D0-8D11-00A0C91BC942}") = "Debugging Flags", "Debugging Flags\Debugging Flags.vcxproj", "{CB1A2FFD-7C82-49EA-8D2A-EC6163C73894}"
EndProject
Project("{8BC9CEB8-8B4A-11D0-8D11-00A0C91BC942}") = "Defensive Programming", "Defensive Programming\Defensive Programming.vcxproj", "{5F90A652-A0BA-479F-9268-789F0D496F9E}"
EndProject
Project("{8BC9CEB8-8B4A-11D0-8D11-00A0C91BC942}") = "Enum", "Enum\Enum.vcxproj", "{B5163E66-DDB4-4640-B653-AE5D56839AB1}"
EndProject
Project("{8BC9CEB8-8B4A-11D0-8D11-00A0C91BC942}") = "EnumHack", "EnumHack\EnumHack.vcxproj", "{BA3576B5-9627-42C4-81E6-B48C9DE034AF}"
EndProject
Project("{8BC9CEB8-8B4A-11D0-8D11-00A0C91BC942}") = "ExeSize", "ExeSize\ExeSize.vcxproj", "{AF7D2F33-F0CF-42B2-8F38-CDCC16EB723F}"
EndProject
Project("{8BC9CEB8-8B4A-11D0-8D11-00A0C91BC942}") = "Float Point Precision", "Float Point Precision\Float Point Precision.vcxproj", "{8B1ED4C1-58BB-454E-880B-9B8C0F02A623}"
EndProject
Project("{8BC9CEB8-8B4A-11D0-8D11-00A0C91BC942}") = "Function", "Function\Function.vcxproj", "{B08492FD-C64E-4A31-8697-3A57F4D56639}"
EndProject
Project("{8BC9CEB8-8B4A-11D0-8D11-00A0C91BC942}") = "Function Pointer", "Function Pointer\Function Pointer.vcxproj", "{0F0013F5-5DE7-43F9-8413-0543239A5229}"
EndProject
Project("{8BC9CEB8-8B4A-11D0-8D11-00A0C91BC942}") = "Functional", "Functional\Functional.vcxproj", "{6905CF72-7EAF-481C-87BB-5617C961D72C}"
EndProject
Project("{8BC9CEB8-8B4A-11D0-8D11-00A0C91BC942}") = "Global Scope", "Global Scope\Global Scope.vcxproj", "{EB8076CE-CD46-485B-B702-8BC0C9F90554}"
EndProject
Project("{8BC9CEB8-8B4A-11D0-8D11-00A0C91BC942}") = "GoTo", "GoTo\GoTo.vcxproj", "{08146A83-FF4B-4595-91FD-DE576B942BC4}"
EndProject
Project("{8BC9CEB8-8B4A-11D0-8D11-00A0C91BC942}") = "Include Guards", "Include Guards\Include Guards.vcxproj", "{B591A075-DD4B-4DDE-AC27-62A098EA4DA2}"
EndProject
Project("{8BC9CEB8-8B4A-11D0-8D11-00A0C91BC942}") = "Inheritance and Cleanup", "Inheritance and Cleanup\Inheritance and Cleanup.vcxproj", "{F61C4801-794B-480D-800A-97B2634D0BCE}"
EndProject
Project("{8BC9CEB8-8B4A-11D0-8D11-00A0C91BC942}") = "Invariant Violation", "Invariant Violation\Invariant Violation.vcxproj", "{18421B0C-FE63-4D4B-849F-96684D2CFB77}"
EndProject
Project("{8BC9CEB8-8B4A-11D0-8D11-00A0C91BC942}") = "IOFormatFlags", "IOFormatFlags\IOFormatFlags.vcxproj", "{0F794738-FDBC-4E14-8395-9FF8BD23A7BC}"
EndProject
Global
	GlobalSection(SolutionConfigurationPlatforms) = preSolution
		Debug|x64 = Debug|x64
		Debug|x86 = Debug|x86
		Release|x64 = Release|x64
		Release|x86 = Release|x86
	EndGlobalSection
	GlobalSection(ProjectConfigurationPlatforms) = postSolution
		{4E7A3B3F-A494-48F3-9923-99A7C98FBBC3}.Debug|x64.ActiveCfg = Debug|x64
		{4E7A3B3F-A494-48F3-9923-99A7C98FBBC3}.Debug|x64.Build.0 = Debug|x64
		{4E7A3B3F-A494-48F3-9923-99A7C98FBBC3}.Debug|x86.ActiveCfg = Debug|Win32
		{4E7A3B3F-A494-48F3-9923-99A7C98FBBC3}.Debug|x86.Build.0 = Debug|Win32
		{4E7A3B3F-A494-48F3-9923-99A7C98FBBC3}.Release|x64.ActiveCfg = Release|x64
		{4E7A3B3F-A494-48F3-9923-99A7C98FBBC3}.Release|x64.Build.0 = Release|x64
		{4E7A3B3F-A494-48F3-9923-99A7C98FBBC3}.Release|x86.ActiveCfg = Release|Win32
		{4E7A3B3F-A494-48F3-9923-99A7C98FBBC3}.Release|x86.Build.0 = Release|Win32
		{AB8708D5-87A6-410F-9C95-775ABBCFBBC4}.Debug|x64.ActiveCfg = Debug|x64
		{AB8708D5-87A6-410F-9C95-775ABBCFBBC4}.Debug|x64.Build.0 = Debug|x64
		{AB8708D5-87A6-410F-9C95-775ABBCFBBC4}.Debug|x86.ActiveCfg = Debug|Win32
		{AB8708D5-87A6-410F-9C95-775ABBCFBBC4}.Debug|x86.Build.0 = Debug|Win32
		{AB8708D5-87A6-410F-9C95-775ABBCFBBC4}.Release|x64.ActiveCfg = Release|x64
		{AB8708D5-87A6-410F-9C95-775ABBCFBBC4}.Release|x64.Build.0 = Release|x64
		{AB8708D5-87A6-410F-9C95-775ABBCFBBC4}.Release|x86.ActiveCfg = Release|Win32
		{AB8708D5-87A6-410F-9C95-775ABBCFBBC4}.Release|x86.Build.0 = Release|Win32
		{C560C678-B23B-4868-91DA-46ED496A2FB2}.Debug|x64.ActiveCfg = Debug|x64
		{C560C678-B23B-4868-91DA-46ED496A2FB2}.Debug|x64.Build.0 = Debug|x64
		{C560C678-B23B-4868-91DA-46ED496A2FB2}.Debug|x86.ActiveCfg = Debug|Win32
		{C560C678-B23B-4868-91DA-46ED496A2FB2}.Debug|x86.Build.0 = Debug|Win32
		{C560C678-B23B-4868-91DA-46ED496A2FB2}.Release|x64.ActiveCfg = Release|x64
		{C560C678-B23B-4868-91DA-46ED496A2FB2}.Release|x64.Build.0 = Release|x64
		{C560C678-B23B-4868-91DA-46ED496A2FB2}.Release|x86.ActiveCfg = Release|Win32
		{C560C678-B23B-4868-91DA-46ED496A2FB2}.Release|x86.Build.0 = Release|Win32
		{C6C9142B-8990-42C2-821F-9447C9B76C26}.Debug|x64.ActiveCfg = Debug|x64
		{C6C9142B-8990-42C2-821F-9447C9B76C26}.Debug|x64.Build.0 = Debug|x64
		{C6C9142B-8990-42C2-821F-9447C9B76C26}.Debug|x86.ActiveCfg = Debug|Win32
		{C6C9142B-8990-42C2-821F-9447C9B76C26}.Debug|x86.Build.0 = Debug|Win32
		{C6C9142B-8990-42C2-821F-9447C9B76C26}.Release|x64.ActiveCfg = Release|x64
		{C6C9142B-8990-42C2-821F-9447C9B76C26}.Release|x64.Build.0 = Release|x64
		{C6C9142B-8990-42C2-821F-9447C9B76C26}.Release|x86.ActiveCfg = Release|Win32
		{C6C9142B-8990-42C2-821F-9447C9B76C26}.Release|x86.Build.0 = Release|Win32
		{C57E16D9-E992-4984-B4A0-68E2409019BB}.Debug|x64.ActiveCfg = Debug|x64
		{C57E16D9-E992-4984-B4A0-68E2409019BB}.Debug|x64.Build.0 = Debug|x64
		{C57E16D9-E992-4984-B4A0-68E2409019BB}.Debug|x86.ActiveCfg = Debug|Win32
		{C57E16D9-E992-4984-B4A0-68E2409019BB}.Debug|x86.Build.0 = Debug|Win32
		{C57E16D9-E992-4984-B4A0-68E2409019BB}.Release|x64.ActiveCfg = Release|x64
		{C57E16D9-E992-4984-B4A0-68E2409019BB}.Release|x64.Build.0 = Release|x64
		{C57E16D9-E992-4984-B4A0-68E2409019BB}.Release|x86.ActiveCfg = Release|Win32
		{C57E16D9-E992-4984-B4A0-68E2409019BB}.Release|x86.Build.0 = Release|Win32
		{C7865844-68CA-487B-9E3A-DC9FD75AB5F5}.Debug|x64.ActiveCfg = Debug|x64
		{C7865844-68CA-487B-9E3A-DC9FD75AB5F5}.Debug|x64.Build.0 = Debug|x64
		{C7865844-68CA-487B-9E3A-DC9FD75AB5F5}.Debug|x86.ActiveCfg = Debug|Win32
		{C7865844-68CA-487B-9E3A-DC9FD75AB5F5}.Debug|x86.Build.0 = Debug|Win32
		{C7865844-68CA-487B-9E3A-DC9FD75AB5F5}.Release|x64.ActiveCfg = Release|x64
		{C7865844-68CA-487B-9E3A-DC9FD75AB5F5}.Release|x64.Build.0 = Release|x64
		{C7865844-68CA-487B-9E3A-DC9FD75AB5F5}.Release|x86.ActiveCfg = Release|Win32
		{C7865844-68CA-487B-9E3A-DC9FD75AB5F5}.Release|x86.Build.0 = Release|Win32
		{7FEF84F3-D89D-4139-BE95-B765DD14233F}.Debug|x64.ActiveCfg = Debug|x64
		{7FEF84F3-D89D-4139-BE95-B765DD14233F}.Debug|x64.Build.0 = Debug|x64
		{7FEF84F3-D89D-4139-BE95-B765DD14233F}.Debug|x86.ActiveCfg = Debug|Win32
		{7FEF84F3-D89D-4139-BE95-B765DD14233F}.Debug|x86.Build.0 = Debug|Win32
		{7FEF84F3-D89D-4139-BE95-B765DD14233F}.Release|x64.ActiveCfg = Release|x64
		{7FEF84F3-D89D-4139-BE95-B765DD14233F}.Release|x64.Build.0 = Release|x64
		{7FEF84F3-D89D-4139-BE95-B765DD14233F}.Release|x86.ActiveCfg = Release|Win32
		{7FEF84F3-D89D-4139-BE95-B765DD14233F}.Release|x86.Build.0 = Release|Win32
		{37790766-331A-4325-9FD3-7C9DA3B17E70}.Debug|x64.ActiveCfg = Debug|x64
		{37790766-331A-4325-9FD3-7C9DA3B17E70}.Debug|x64.Build.0 = Debug|x64
		{37790766-331A-4325-9FD3-7C9DA3B17E70}.Debug|x86.ActiveCfg = Debug|Win32
		{37790766-331A-4325-9FD3-7C9DA3B17E70}.Debug|x86.Build.0 = Debug|Win32
		{37790766-331A-4325-9FD3-7C9DA3B17E70}.Release|x64.ActiveCfg = Release|x64
		{37790766-331A-4325-9FD3-7C9DA3B17E70}.Release|x64.Build.0 = Release|x64
		{37790766-331A-4325-9FD3-7C9DA3B17E70}.Release|x86.ActiveCfg = Release|Win32
		{37790766-331A-4325-9FD3-7C9DA3B17E70}.Release|x86.Build.0 = Release|Win32
		{3FF2A7AE-8394-44AF-91A0-BBDF7E0AB27C}.Debug|x64.ActiveCfg = Debug|x64
		{3FF2A7AE-8394-44AF-91A0-BBDF7E0AB27C}.Debug|x64.Build.0 = Debug|x64
		{3FF2A7AE-8394-44AF-91A0-BBDF7E0AB27C}.Debug|x86.ActiveCfg = Debug|Win32
		{3FF2A7AE-8394-44AF-91A0-BBDF7E0AB27C}.Debug|x86.Build.0 = Debug|Win32
		{3FF2A7AE-8394-44AF-91A0-BBDF7E0AB27C}.Release|x64.ActiveCfg = Release|x64
		{3FF2A7AE-8394-44AF-91A0-BBDF7E0AB27C}.Release|x64.Build.0 = Release|x64
		{3FF2A7AE-8394-44AF-91A0-BBDF7E0AB27C}.Release|x86.ActiveCfg = Release|Win32
		{3FF2A7AE-8394-44AF-91A0-BBDF7E0AB27C}.Release|x86.Build.0 = Release|Win32
		{923EBC56-8D13-4442-81C8-45C70E7D5E06}.Debug|x64.ActiveCfg = Debug|x64
		{923EBC56-8D13-4442-81C8-45C70E7D5E06}.Debug|x64.Build.0 = Debug|x64
		{923EBC56-8D13-4442-81C8-45C70E7D5E06}.Debug|x86.ActiveCfg = Debug|Win32
		{923EBC56-8D13-4442-81C8-45C70E7D5E06}.Debug|x86.Build.0 = Debug|Win32
		{923EBC56-8D13-4442-81C8-45C70E7D5E06}.Release|x64.ActiveCfg = Release|x64
		{923EBC56-8D13-4442-81C8-45C70E7D5E06}.Release|x64.Build.0 = Release|x64
		{923EBC56-8D13-4442-81C8-45C70E7D5E06}.Release|x86.ActiveCfg = Release|Win32
		{923EBC56-8D13-4442-81C8-45C70E7D5E06}.Release|x86.Build.0 = Release|Win32
		{4633CD05-2AE4-4ED1-BAA8-BF9F9F3DDB94}.Debug|x64.ActiveCfg = Debug|x64
		{4633CD05-2AE4-4ED1-BAA8-BF9F9F3DDB94}.Debug|x64.Build.0 = Debug|x64
		{4633CD05-2AE4-4ED1-BAA8-BF9F9F3DDB94}.Debug|x86.ActiveCfg = Debug|Win32
		{4633CD05-2AE4-4ED1-BAA8-BF9F9F3DDB94}.Debug|x86.Build.0 = Debug|Win32
		{4633CD05-2AE4-4ED1-BAA8-BF9F9F3DDB94}.Release|x64.ActiveCfg = Release|x64
		{4633CD05-2AE4-4ED1-BAA8-BF9F9F3DDB94}.Release|x64.Build.0 = Release|x64
		{4633CD05-2AE4-4ED1-BAA8-BF9F9F3DDB94}.Release|x86.ActiveCfg = Release|Win32
		{4633CD05-2AE4-4ED1-BAA8-BF9F9F3DDB94}.Release|x86.Build.0 = Release|Win32
		{99407AFB-C99A-40A6-BF13-7B8B5701029B}.Debug|x64.ActiveCfg = Debug|x64
		{99407AFB-C99A-40A6-BF13-7B8B5701029B}.Debug|x64.Build.0 = Debug|x64
		{99407AFB-C99A-40A6-BF13-7B8B5701029B}.Debug|x86.ActiveCfg = Debug|Win32
		{99407AFB-C99A-40A6-BF13-7B8B5701029B}.Debug|x86.Build.0 = Debug|Win32
		{99407AFB-C99A-40A6-BF13-7B8B5701029B}.Release|x64.ActiveCfg = Release|x64
		{99407AFB-C99A-40A6-BF13-7B8B5701029B}.Release|x64.Build.0 = Release|x64
		{99407AFB-C99A-40A6-BF13-7B8B5701029B}.Release|x86.ActiveCfg = Release|Win32
		{99407AFB-C99A-40A6-BF13-7B8B5701029B}.Release|x86.Build.0 = Release|Win32
		{980A231C-2096-4EF6-8794-E3DE8F033A76}.Debug|x64.ActiveCfg = Debug|x64
		{980A231C-2096-4EF6-8794-E3DE8F033A76}.Debug|x64.Build.0 = Debug|x64
		{980A231C-2096-4EF6-8794-E3DE8F033A76}.Debug|x86.ActiveCfg = Debug|Win32
		{980A231C-2096-4EF6-8794-E3DE8F033A76}.Debug|x86.Build.0 = Debug|Win32
		{980A231C-2096-4EF6-8794-E3DE8F033A76}.Release|x64.ActiveCfg = Release|x64
		{980A231C-2096-4EF6-8794-E3DE8F033A76}.Release|x64.Build.0 = Release|x64
		{980A231C-2096-4EF6-8794-E3DE8F033A76}.Release|x86.ActiveCfg = Release|Win32
		{980A231C-2096-4EF6-8794-E3DE8F033A76}.Release|x86.Build.0 = Release|Win32
		{286B1E02-21A6-4C3F-83AB-279E916E6089}.Debug|x64.ActiveCfg = Debug|x64
		{286B1E02-21A6-4C3F-83AB-279E916E6089}.Debug|x64.Build.0 = Debug|x64
		{286B1E02-21A6-4C3F-83AB-279E916E6089}.Debug|x86.ActiveCfg = Debug|Win32
		{286B1E02-21A6-4C3F-83AB-279E916E6089}.Debug|x86.Build.0 = Debug|Win32
		{286B1E02-21A6-4C3F-83AB-279E916E6089}.Release|x64.ActiveCfg = Release|x64
		{286B1E02-21A6-4C3F-83AB-279E916E6089}.Release|x64.Build.0 = Release|x64
		{286B1E02-21A6-4C3F-83AB-279E916E6089}.Release|x86.ActiveCfg = Release|Win32
		{286B1E02-21A6-4C3F-83AB-279E916E6089}.Release|x86.Build.0 = Release|Win32
		{8D23CE43-DA10-457F-B454-0A7281E6FBCA}.Debug|x64.ActiveCfg = Debug|x64
		{8D23CE43-DA10-457F-B454-0A7281E6FBCA}.Debug|x64.Build.0 = Debug|x64
		{8D23CE43-DA10-457F-B454-0A7281E6FBCA}.Debug|x86.ActiveCfg = Debug|Win32
		{8D23CE43-DA10-457F-B454-0A7281E6FBCA}.Debug|x86.Build.0 = Debug|Win32
		{8D23CE43-DA10-457F-B454-0A7281E6FBCA}.Release|x64.ActiveCfg = Release|x64
		{8D23CE43-DA10-457F-B454-0A7281E6FBCA}.Release|x64.Build.0 = Release|x64
		{8D23CE43-DA10-457F-B454-0A7281E6FBCA}.Release|x86.ActiveCfg = Release|Win32
		{8D23CE43-DA10-457F-B454-0A7281E6FBCA}.Release|x86.Build.0 = Release|Win32
		{504D89C4-156D-441F-95B9-7C32952389CD}.Debug|x64.ActiveCfg = Debug|x64
		{504D89C4-156D-441F-95B9-7C32952389CD}.Debug|x64.Build.0 = Debug|x64
		{504D89C4-156D-441F-95B9-7C32952389CD}.Debug|x86.ActiveCfg = Debug|Win32
		{504D89C4-156D-441F-95B9-7C32952389CD}.Debug|x86.Build.0 = Debug|Win32
		{504D89C4-156D-441F-95B9-7C32952389CD}.Release|x64.ActiveCfg = Release|x64
		{504D89C4-156D-441F-95B9-7C32952389CD}.Release|x64.Build.0 = Release|x64
		{504D89C4-156D-441F-95B9-7C32952389CD}.Release|x86.ActiveCfg = Release|Win32
		{504D89C4-156D-441F-95B9-7C32952389CD}.Release|x86.Build.0 = Release|Win32
		{3D25526E-4AC8-43CA-AB9C-DC533E0D2476}.Debug|x64.ActiveCfg = Debug|x64
		{3D25526E-4AC8-43CA-AB9C-DC533E0D2476}.Debug|x64.Build.0 = Debug|x64
		{3D25526E-4AC8-43CA-AB9C-DC533E0D2476}.Debug|x86.ActiveCfg = Debug|Win32
		{3D25526E-4AC8-43CA-AB9C-DC533E0D2476}.Debug|x86.Build.0 = Debug|Win32
		{3D25526E-4AC8-43CA-AB9C-DC533E0D2476}.Release|x64.ActiveCfg = Release|x64
		{3D25526E-4AC8-43CA-AB9C-DC533E0D2476}.Release|x64.Build.0 = Release|x64
		{3D25526E-4AC8-43CA-AB9C-DC533E0D2476}.Release|x86.ActiveCfg = Release|Win32
		{3D25526E-4AC8-43CA-AB9C-DC533E0D2476}.Release|x86.Build.0 = Release|Win32
		{FE18F80C-2FC3-4C85-9151-E7A291B5EDD3}.Debug|x64.ActiveCfg = Debug|x64
		{FE18F80C-2FC3-4C85-9151-E7A291B5EDD3}.Debug|x64.Build.0 = Debug|x64
		{FE18F80C-2FC3-4C85-9151-E7A291B5EDD3}.Debug|x86.ActiveCfg = Debug|Win32
		{FE18F80C-2FC3-4C85-9151-E7A291B5EDD3}.Debug|x86.Build.0 = Debug|Win32
		{FE18F80C-2FC3-4C85-9151-E7A291B5EDD3}.Release|x64.ActiveCfg = Release|x64
		{FE18F80C-2FC3-4C85-9151-E7A291B5EDD3}.Release|x64.Build.0 = Release|x64
		{FE18F80C-2FC3-4C85-9151-E7A291B5EDD3}.Release|x86.ActiveCfg = Release|Win32
		{FE18F80C-2FC3-4C85-9151-E7A291B5EDD3}.Release|x86.Build.0 = Release|Win32
		{1A3BD2AB-5495-4364-8B89-332C04BB3272}.Debug|x64.ActiveCfg = Debug|x64
		{1A3BD2AB-5495-4364-8B89-332C04BB3272}.Debug|x64.Build.0 = Debug|x64
		{1A3BD2AB-5495-4364-8B89-332C04BB3272}.Debug|x86.ActiveCfg = Debug|Win32
		{1A3BD2AB-5495-4364-8B89-332C04BB3272}.Debug|x86.Build.0 = Debug|Win32
		{1A3BD2AB-5495-4364-8B89-332C04BB3272}.Release|x64.ActiveCfg = Release|x64
		{1A3BD2AB-5495-4364-8B89-332C04BB3272}.Release|x64.Build.0 = Release|x64
		{1A3BD2AB-5495-4364-8B89-332C04BB3272}.Release|x86.ActiveCfg = Release|Win32
		{1A3BD2AB-5495-4364-8B89-332C04BB3272}.Release|x86.Build.0 = Release|Win32
		{09FE7AED-8CFE-41BE-A1CC-2029ED99BE78}.Debug|x64.ActiveCfg = Debug|x64
		{09FE7AED-8CFE-41BE-A1CC-2029ED99BE78}.Debug|x64.Build.0 = Debug|x64
		{09FE7AED-8CFE-41BE-A1CC-2029ED99BE78}.Debug|x86.ActiveCfg = Debug|Win32
		{09FE7AED-8CFE-41BE-A1CC-2029ED99BE78}.Debug|x86.Build.0 = Debug|Win32
		{09FE7AED-8CFE-41BE-A1CC-2029ED99BE78}.Release|x64.ActiveCfg = Release|x64
		{09FE7AED-8CFE-41BE-A1CC-2029ED99BE78}.Release|x64.Build.0 = Release|x64
		{09FE7AED-8CFE-41BE-A1CC-2029ED99BE78}.Release|x86.ActiveCfg = Release|Win32
		{09FE7AED-8CFE-41BE-A1CC-2029ED99BE78}.Release|x86.Build.0 = Release|Win32
		{71B486B0-AA64-470B-B4E4-1601A0184489}.Debug|x64.ActiveCfg = Debug|x64
		{71B486B0-AA64-470B-B4E4-1601A0184489}.Debug|x64.Build.0 = Debug|x64
		{71B486B0-AA64-470B-B4E4-1601A0184489}.Debug|x86.ActiveCfg = Debug|Win32
		{71B486B0-AA64-470B-B4E4-1601A0184489}.Debug|x86.Build.0 = Debug|Win32
		{71B486B0-AA64-470B-B4E4-1601A0184489}.Release|x64.ActiveCfg = Release|x64
		{71B486B0-AA64-470B-B4E4-1601A0184489}.Release|x64.Build.0 = Release|x64
		{71B486B0-AA64-470B-B4E4-1601A0184489}.Release|x86.ActiveCfg = Release|Win32
		{71B486B0-AA64-470B-B4E4-1601A0184489}.Release|x86.Build.0 = Release|Win32
		{592A480E-B392-4568-BCD1-7C7BB1F59723}.Debug|x64.ActiveCfg = Debug|x64
		{592A480E-B392-4568-BCD1-7C7BB1F59723}.Debug|x64.Build.0 = Debug|x64
		{592A480E-B392-4568-BCD1-7C7BB1F59723}.Debug|x86.ActiveCfg = Debug|Win32
		{592A480E-B392-4568-BCD1-7C7BB1F59723}.Debug|x86.Build.0 = Debug|Win32
		{592A480E-B392-4568-BCD1-7C7BB1F59723}.Release|x64.ActiveCfg = Release|x64
		{592A480E-B392-4568-BCD1-7C7BB1F59723}.Release|x64.Build.0 = Release|x64
		{592A480E-B392-4568-BCD1-7C7BB1F59723}.Release|x86.ActiveCfg = Release|Win32
		{592A480E-B392-4568-BCD1-7C7BB1F59723}.Release|x86.Build.0 = Release|Win32
		{E236D81A-26DC-4C7D-82D5-132D406B07B8}.Debug|x64.ActiveCfg = Debug|x64
		{E236D81A-26DC-4C7D-82D5-132D406B07B8}.Debug|x64.Build.0 = Debug|x64
		{E236D81A-26DC-4C7D-82D5-132D406B07B8}.Debug|x86.ActiveCfg = Debug|Win32
		{E236D81A-26DC-4C7D-82D5-132D406B07B8}.Debug|x86.Build.0 = Debug|Win32
		{E236D81A-26DC-4C7D-82D5-132D406B07B8}.Release|x64.ActiveCfg = Release|x64
		{E236D81A-26DC-4C7D-82D5-132D406B07B8}.Release|x64.Build.0 = Release|x64
		{E236D81A-26DC-4C7D-82D5-132D406B07B8}.Release|x86.ActiveCfg = Release|Win32
		{E236D81A-26DC-4C7D-82D5-132D406B07B8}.Release|x86.Build.0 = Release|Win32
		{C4D43A3B-457E-48DF-AA74-F8AC91DBE78E}.Debug|x64.ActiveCfg = Debug|x64
		{C4D43A3B-457E-48DF-AA74-F8AC91DBE78E}.Debug|x64.Build.0 = Debug|x64
		{C4D43A3B-457E-48DF-AA74-F8AC91DBE78E}.Debug|x86.ActiveCfg = Debug|Win32
		{C4D43A3B-457E-48DF-AA74-F8AC91DBE78E}.Debug|x86.Build.0 = Debug|Win32
		{C4D43A3B-457E-48DF-AA74-F8AC91DBE78E}.Release|x64.ActiveCfg = Release|x64
		{C4D43A3B-457E-48DF-AA74-F8AC91DBE78E}.Release|x64.Build.0 = Release|x64
		{C4D43A3B-457E-48DF-AA74-F8AC91DBE78E}.Release|x86.ActiveCfg = Release|Win32
		{C4D43A3B-457E-48DF-AA74-F8AC91DBE78E}.Release|x86.Build.0 = Release|Win32
		{1BC86F9C-0590-4B99-95BF-D53D83646752}.Debug|x64.ActiveCfg = Debug|x64
		{1BC86F9C-0590-4B99-95BF-D53D83646752}.Debug|x64.Build.0 = Debug|x64
		{1BC86F9C-0590-4B99-95BF-D53D83646752}.Debug|x86.ActiveCfg = Debug|Win32
		{1BC86F9C-0590-4B99-95BF-D53D83646752}.Debug|x86.Build.0 = Debug|Win32
		{1BC86F9C-0590-4B99-95BF-D53D83646752}.Release|x64.ActiveCfg = Release|x64
		{1BC86F9C-0590-4B99-95BF-D53D83646752}.Release|x64.Build.0 = Release|x64
		{1BC86F9C-0590-4B99-95BF-D53D83646752}.Release|x86.ActiveCfg = Release|Win32
		{1BC86F9C-0590-4B99-95BF-D53D83646752}.Release|x86.Build.0 = Release|Win32
		{498FCB49-7D80-48E9-A4CC-1FDCDC2847C8}.Debug|x64.ActiveCfg = Debug|x64
		{498FCB49-7D80-48E9-A4CC-1FDCDC2847C8}.Debug|x64.Build.0 = Debug|x64
		{498FCB49-7D80-48E9-A4CC-1FDCDC2847C8}.Debug|x86.ActiveCfg = Debug|Win32
		{498FCB49-7D80-48E9-A4CC-1FDCDC2847C8}.Debug|x86.Build.0 = Debug|Win32
		{498FCB49-7D80-48E9-A4CC-1FDCDC2847C8}.Release|x64.ActiveCfg = Release|x64
		{498FCB49-7D80-48E9-A4CC-1FDCDC2847C8}.Release|x64.Build.0 = Release|x64
		{498FCB49-7D80-48E9-A4CC-1FDCDC2847C8}.Release|x86.ActiveCfg = Release|Win32
		{498FCB49-7D80-48E9-A4CC-1FDCDC2847C8}.Release|x86.Build.0 = Release|Win32
		{20C3B143-2472-4C26-9A9F-FD61AE407F1C}.Debug|x64.ActiveCfg = Debug|x64
		{20C3B143-2472-4C26-9A9F-FD61AE407F1C}.Debug|x64.Build.0 = Debug|x64
		{20C3B143-2472-4C26-9A9F-FD61AE407F1C}.Debug|x86.ActiveCfg = Debug|Win32
		{20C3B143-2472-4C26-9A9F-FD61AE407F1C}.Debug|x86.Build.0 = Debug|Win32
		{20C3B143-2472-4C26-9A9F-FD61AE407F1C}.Release|x64.ActiveCfg = Release|x64
		{20C3B143-2472-4C26-9A9F-FD61AE407F1C}.Release|x64.Build.0 = Release|x64
		{20C3B143-2472-4C26-9A9F-FD61AE407F1C}.Release|x86.ActiveCfg = Release|Win32
		{20C3B143-2472-4C26-9A9F-FD61AE407F1C}.Release|x86.Build.0 = Release|Win32
		{46025CEF-2BD7-4C78-9E52-83B0D1ECE337}.Debug|x64.ActiveCfg = Debug|x64
		{46025CEF-2BD7-4C78-9E52-83B0D1ECE337}.Debug|x64.Build.0 = Debug|x64
		{46025CEF-2BD7-4C78-9E52-83B0D1ECE337}.Debug|x86.ActiveCfg = Debug|Win32
		{46025CEF-2BD7-4C78-9E52-83B0D1ECE337}.Debug|x86.Build.0 = Debug|Win32
		{46025CEF-2BD7-4C78-9E52-83B0D1ECE337}.Release|x64.ActiveCfg = Release|x64
		{46025CEF-2BD7-4C78-9E52-83B0D1ECE337}.Release|x64.Build.0 = Release|x64
		{46025CEF-2BD7-4C78-9E52-83B0D1ECE337}.Release|x86.ActiveCfg = Release|Win32
		{46025CEF-2BD7-4C78-9E52-83B0D1ECE337}.Release|x86.Build.0 = Release|Win32
		{C13872CC-8D23-4835-9BDF-DA0686A24FDB}.Debug|x64.ActiveCfg = Debug|x64
		{C13872CC-8D23-4835-9BDF-DA0686A24FDB}.Debug|x64.Build.0 = Debug|x64
		{C13872CC-8D23-4835-9BDF-DA0686A24FDB}.Debug|x86.ActiveCfg = Debug|Win32
		{C13872CC-8D23-4835-9BDF-DA0686A24FDB}.Debug|x86.Build.0 = Debug|Win32
		{C13872CC-8D23-4835-9BDF-DA0686A24FDB}.Release|x64.ActiveCfg = Release|x64
		{C13872CC-8D23-4835-9BDF-DA0686A24FDB}.Release|x64.Build.0 = Release|x64
		{C13872CC-8D23-4835-9BDF-DA0686A24FDB}.Release|x86.ActiveCfg = Release|Win32
		{C13872CC-8D23-4835-9BDF-DA0686A24FDB}.Release|x86.Build.0 = Release|Win32
		{F502DFF3-5AC9-4724-BE95-6216049D74D5}.Debug|x64.ActiveCfg = Debug|x64
		{F502DFF3-5AC9-4724-BE95-6216049D74D5}.Debug|x64.Build.0 = Debug|x64
		{F502DFF3-5AC9-4724-BE95-6216049D74D5}.Debug|x86.ActiveCfg = Debug|Win32
		{F502DFF3-5AC9-4724-BE95-6216049D74D5}.Debug|x86.Build.0 = Debug|Win32
		{F502DFF3-5AC9-4724-BE95-6216049D74D5}.Release|x64.ActiveCfg = Release|x64
		{F502DFF3-5AC9-4724-BE95-6216049D74D5}.Release|x64.Build.0 = Release|x64
		{F502DFF3-5AC9-4724-BE95-6216049D74D5}.Release|x86.ActiveCfg = Release|Win32
		{F502DFF3-5AC9-4724-BE95-6216049D74D5}.Release|x86.Build.0 = Release|Win32
		{569541D1-5FFD-4910-A65E-6A3A2730B0C8}.Debug|x64.ActiveCfg = Debug|x64
		{569541D1-5FFD-4910-A65E-6A3A2730B0C8}.Debug|x64.Build.0 = Debug|x64
		{569541D1-5FFD-4910-A65E-6A3A2730B0C8}.Debug|x86.ActiveCfg = Debug|Win32
		{569541D1-5FFD-4910-A65E-6A3A2730B0C8}.Debug|x86.Build.0 = Debug|Win32
		{569541D1-5FFD-4910-A65E-6A3A2730B0C8}.Release|x64.ActiveCfg = Release|x64
		{569541D1-5FFD-4910-A65E-6A3A2730B0C8}.Release|x64.Build.0 = Release|x64
		{569541D1-5FFD-4910-A65E-6A3A2730B0C8}.Release|x86.ActiveCfg = Release|Win32
		{569541D1-5FFD-4910-A65E-6A3A2730B0C8}.Release|x86.Build.0 = Release|Win32
		{7E981114-1C5D-4D7A-826B-0F2220DF3F5B}.Debug|x64.ActiveCfg = Debug|x64
		{7E981114-1C5D-4D7A-826B-0F2220DF3F5B}.Debug|x64.Build.0 = Debug|x64
		{7E981114-1C5D-4D7A-826B-0F2220DF3F5B}.Debug|x86.ActiveCfg = Debug|Win32
		{7E981114-1C5D-4D7A-826B-0F2220DF3F5B}.Debug|x86.Build.0 = Debug|Win32
		{7E981114-1C5D-4D7A-826B-0F2220DF3F5B}.Release|x64.ActiveCfg = Release|x64
		{7E981114-1C5D-4D7A-826B-0F2220DF3F5B}.Release|x64.Build.0 = Release|x64
		{7E981114-1C5D-4D7A-826B-0F2220DF3F5B}.Release|x86.ActiveCfg = Release|Win32
		{7E981114-1C5D-4D7A-826B-0F2220DF3F5B}.Release|x86.Build.0 = Release|Win32
		{41C2CC16-D4B9-42C8-AD18-529536B2B618}.Debug|x64.ActiveCfg = Debug|x64
		{41C2CC16-D4B9-42C8-AD18-529536B2B618}.Debug|x64.Build.0 = Debug|x64
		{41C2CC16-D4B9-42C8-AD18-529536B2B618}.Debug|x86.ActiveCfg = Debug|Win32
		{41C2CC16-D4B9-42C8-AD18-529536B2B618}.Debug|x86.Build.0 = Debug|Win32
		{41C2CC16-D4B9-42C8-AD18-529536B2B618}.Release|x64.ActiveCfg = Release|x64
		{41C2CC16-D4B9-42C8-AD18-529536B2B618}.Release|x64.Build.0 = Release|x64
		{41C2CC16-D4B9-42C8-AD18-529536B2B618}.Release|x86.ActiveCfg = Release|Win32
		{41C2CC16-D4B9-42C8-AD18-529536B2B618}.Release|x86.Build.0 = Release|Win32
		{F9A65BF8-E984-4A30-92A7-F244278DA478}.Debug|x64.ActiveCfg = Debug|x64
		{F9A65BF8-E984-4A30-92A7-F244278DA478}.Debug|x64.Build.0 = Debug|x64
		{F9A65BF8-E984-4A30-92A7-F244278DA478}.Debug|x86.ActiveCfg = Debug|Win32
		{F9A65BF8-E984-4A30-92A7-F244278DA478}.Debug|x86.Build.0 = Debug|Win32
		{F9A65BF8-E984-4A30-92A7-F244278DA478}.Release|x64.ActiveCfg = Release|x64
		{F9A65BF8-E984-4A30-92A7-F244278DA478}.Release|x64.Build.0 = Release|x64
		{F9A65BF8-E984-4A30-92A7-F244278DA478}.Release|x86.ActiveCfg = Release|Win32
		{F9A65BF8-E984-4A30-92A7-F244278DA478}.Release|x86.Build.0 = Release|Win32
		{CB1A2FFD-7C82-49EA-8D2A-EC6163C73894}.Debug|x64.ActiveCfg = Debug|x64
		{CB1A2FFD-7C82-49EA-8D2A-EC6163C73894}.Debug|x64.Build.0 = Debug|x64
		{CB1A2FFD-7C82-49EA-8D2A-EC6163C73894}.Debug|x86.ActiveCfg = Debug|Win32
		{CB1A2FFD-7C82-49EA-8D2A-EC6163C73894}.Debug|x86.Build.0 = Debug|Win32
		{CB1A2FFD-7C82-49EA-8D2A-EC6163C73894}.Release|x64.ActiveCfg = Release|x64
		{CB1A2FFD-7C82-49EA-8D2A-EC6163C73894}.Release|x64.Build.0 = Release|x64
		{CB1A2FFD-7C82-49EA-8D2A-EC6163C73894}.Release|x86.ActiveCfg = Release|Win32
		{CB1A2FFD-7C82-49EA-8D2A-EC6163C73894}.Release|x86.Build.0 = Release|Win32
		{5F90A652-A0BA-479F-9268-789F0D496F9E}.Debug|x64.ActiveCfg = Debug|x64
		{5F90A652-A0BA-479F-9268-789F0D496F9E}.Debug|x64.Build.0 = Debug|x64
		{5F90A652-A0BA-479F-9268-789F0D496F9E}.Debug|x86.ActiveCfg = Debug|Win32
		{5F90A652-A0BA-479F-9268-789F0D496F9E}.Debug|x86.Build.0 = Debug|Win32
		{5F90A652-A0BA-479F-9268-789F0D496F9E}.Release|x64.ActiveCfg = Release|x64
		{5F90A652-A0BA-479F-9268-789F0D496F9E}.Release|x64.Build.0 = Release|x64
		{5F90A652-A0BA-479F-9268-789F0D496F9E}.Release|x86.ActiveCfg = Release|Win32
		{5F90A652-A0BA-479F-9268-789F0D496F9E}.Release|x86.Build.0 = Release|Win32
		{B5163E66-DDB4-4640-B653-AE5D56839AB1}.Debug|x64.ActiveCfg = Debug|x64
		{B5163E66-DDB4-4640-B653-AE5D56839AB1}.Debug|x64.Build.0 = Debug|x64
		{B5163E66-DDB4-4640-B653-AE5D56839AB1}.Debug|x86.ActiveCfg = Debug|Win32
		{B5163E66-DDB4-4640-B653-AE5D56839AB1}.Debug|x86.Build.0 = Debug|Win32
		{B5163E66-DDB4-4640-B653-AE5D56839AB1}.Release|x64.ActiveCfg = Release|x64
		{B5163E66-DDB4-4640-B653-AE5D56839AB1}.Release|x64.Build.0 = Release|x64
		{B5163E66-DDB4-4640-B653-AE5D56839AB1}.Release|x86.ActiveCfg = Release|Win32
		{B5163E66-DDB4-4640-B653-AE5D56839AB1}.Release|x86.Build.0 = Release|Win32
		{BA3576B5-9627-42C4-81E6-B48C9DE034AF}.Debug|x64.ActiveCfg = Debug|x64
		{BA3576B5-9627-42C4-81E6-B48C9DE034AF}.Debug|x64.Build.0 = Debug|x64
		{BA3576B5-9627-42C4-81E6-B48C9DE034AF}.Debug|x86.ActiveCfg = Debug|Win32
		{BA3576B5-9627-42C4-81E6-B48C9DE034AF}.Debug|x86.Build.0 = Debug|Win32
		{BA3576B5-9627-42C4-81E6-B48C9DE034AF}.Release|x64.ActiveCfg = Release|x64
		{BA3576B5-9627-42C4-81E6-B48C9DE034AF}.Release|x64.Build.0 = Release|x64
		{BA3576B5-9627-42C4-81E6-B48C9DE034AF}.Release|x86.ActiveCfg = Release|Win32
		{BA3576B5-9627-42C4-81E6-B48C9DE034AF}.Release|x86.Build.0 = Release|Win32
		{AF7D2F33-F0CF-42B2-8F38-CDCC16EB723F}.Debug|x64.ActiveCfg = Debug|x64
		{AF7D2F33-F0CF-42B2-8F38-CDCC16EB723F}.Debug|x64.Build.0 = Debug|x64
		{AF7D2F33-F0CF-42B2-8F38-CDCC16EB723F}.Debug|x86.ActiveCfg = Debug|Win32
		{AF7D2F33-F0CF-42B2-8F38-CDCC16EB723F}.Debug|x86.Build.0 = Debug|Win32
		{AF7D2F33-F0CF-42B2-8F38-CDCC16EB723F}.Release|x64.ActiveCfg = Release|x64
		{AF7D2F33-F0CF-42B2-8F38-CDCC16EB723F}.Release|x64.Build.0 = Release|x64
		{AF7D2F33-F0CF-42B2-8F38-CDCC16EB723F}.Release|x86.ActiveCfg = Release|Win32
		{AF7D2F33-F0CF-42B2-8F38-CDCC16EB723F}.Release|x86.Build.0 = Release|Win32
		{8B1ED4C1-58BB-454E-880B-9B8C0F02A623}.Debug|x64.ActiveCfg = Debug|x64
		{8B1ED4C1-58BB-454E-880B-9B8C0F02A623}.Debug|x64.Build.0 = Debug|x64
		{8B1ED4C1-58BB-454E-880B-9B8C0F02A623}.Debug|x86.ActiveCfg = Debug|Win32
		{8B1ED4C1-58BB-454E-880B-9B8C0F02A623}.Debug|x86.Build.0 = Debug|Win32
		{8B1ED4C1-58BB-454E-880B-9B8C0F02A623}.Release|x64.ActiveCfg = Release|x64
		{8B1ED4C1-58BB-454E-880B-9B8C0F02A623}.Release|x64.Build.0 = Release|x64
		{8B1ED4C1-58BB-454E-880B-9B8C0F02A623}.Release|x86.ActiveCfg = Release|Win32
		{8B1ED4C1-58BB-454E-880B-9B8C0F02A623}.Release|x86.Build.0 = Release|Win32
		{B08492FD-C64E-4A31-8697-3A57F4D56639}.Debug|x64.ActiveCfg = Debug|x64
		{B08492FD-C64E-4A31-8697-3A57F4D56639}.Debug|x64.Build.0 = Debug|x64
		{B08492FD-C64E-4A31-8697-3A57F4D56639}.Debug|x86.ActiveCfg = Debug|Win32
		{B08492FD-C64E-4A31-8697-3A57F4D56639}.Debug|x86.Build.0 = Debug|Win32
		{B08492FD-C64E-4A31-8697-3A57F4D56639}.Release|x64.ActiveCfg = Release|x64
		{B08492FD-C64E-4A31-8697-3A57F4D56639}.Release|x64.Build.0 = Release|x64
		{B08492FD-C64E-4A31-8697-3A57F4D56639}.Release|x86.ActiveCfg = Release|Win32
		{B08492FD-C64E-4A31-8697-3A57F4D56639}.Release|x86.Build.0 = Release|Win32
		{0F0013F5-5DE7-43F9-8413-0543239A5229}.Debug|x64.ActiveCfg = Debug|x64
		{0F0013F5-5DE7-43F9-8413-0543239A5229}.Debug|x64.Build.0 = Debug|x64
		{0F0013F5-5DE7-43F9-8413-0543239A5229}.Debug|x86.ActiveCfg = Debug|Win32
		{0F0013F5-5DE7-43F9-8413-0543239A5229}.Debug|x86.Build.0 = Debug|Win32
		{0F0013F5-5DE7-43F9-8413-0543239A5229}.Release|x64.ActiveCfg = Release|x64
		{0F0013F5-5DE7-43F9-8413-0543239A5229}.Release|x64.Build.0 = Release|x64
		{0F0013F5-5DE7-43F9-8413-0543239A5229}.Release|x86.ActiveCfg = Release|Win32
		{0F0013F5-5DE7-43F9-8413-0543239A5229}.Release|x86.Build.0 = Release|Win32
		{6905CF72-7EAF-481C-87BB-5617C961D72C}.Debug|x64.ActiveCfg = Debug|x64
		{6905CF72-7EAF-481C-87BB-5617C961D72C}.Debug|x64.Build.0 = Debug|x64
		{6905CF72-7EAF-481C-87BB-5617C961D72C}.Debug|x86.ActiveCfg = Debug|Win32
		{6905CF72-7EAF-481C-87BB-5617C961D72C}.Debug|x86.Build.0 = Debug|Win32
		{6905CF72-7EAF-481C-87BB-5617C961D72C}.Release|x64.ActiveCfg = Release|x64
		{6905CF72-7EAF-481C-87BB-5617C961D72C}.Release|x64.Build.0 = Release|x64
		{6905CF72-7EAF-481C-87BB-5617C961D72C}.Release|x86.ActiveCfg = Release|Win32
		{6905CF72-7EAF-481C-87BB-5617C961D72C}.Release|x86.Build.0 = Release|Win32
		{EB8076CE-CD46-485B-B702-8BC0C9F90554}.Debug|x64.ActiveCfg = Debug|x64
		{EB8076CE-CD46-485B-B702-8BC0C9F90554}.Debug|x64.Build.0 = Debug|x64
		{EB8076CE-CD46-485B-B702-8BC0C9F90554}.Debug|x86.ActiveCfg = Debug|Win32
		{EB8076CE-CD46-485B-B702-8BC0C9F90554}.Debug|x86.Build.0 = Debug|Win32
		{EB8076CE-CD46-485B-B702-8BC0C9F90554}.Release|x64.ActiveCfg = Release|x64
		{EB8076CE-CD46-485B-B702-8BC0C9F90554}.Release|x64.Build.0 = Release|x64
		{EB8076CE-CD46-485B-B702-8BC0C9F90554}.Release|x86.ActiveCfg = Release|Win32
		{EB8076CE-CD46-485B-B702-8BC0C9F90554}.Release|x86.Build.0 = Release|Win32
		{08146A83-FF4B-4595-91FD-DE576B942BC4}.Debug|x64.ActiveCfg = Debug|x64
		{08146A83-FF4B-4595-91FD-DE576B942BC4}.Debug|x64.Build.0 = Debug|x64
		{08146A83-FF4B-4595-91FD-DE576B942BC4}.Debug|x86.ActiveCfg = Debug|Win32
		{08146A83-FF4B-4595-91FD-DE576B942BC4}.Debug|x86.Build.0 = Debug|Win32
		{08146A83-FF4B-4595-91FD-DE576B942BC4}.Release|x64.ActiveCfg = Release|x64
		{08146A83-FF4B-4595-91FD-DE576B942BC4}.Release|x64.Build.0 = Release|x64
		{08146A83-FF4B-4595-91FD-DE576B942BC4}.Release|x86.ActiveCfg = Release|Win32
		{08146A83-FF4B-4595-91FD-DE576B942BC4}.Release|x86.Build.0 = Release|Win32
		{B591A075-DD4B-4DDE-AC27-62A098EA4DA2}.Debug|x64.ActiveCfg = Debug|x64
		{B591A075-DD4B-4DDE-AC27-62A098EA4DA2}.Debug|x64.Build.0 = Debug|x64
		{B591A075-DD4B-4DDE-AC27-62A098EA4DA2}.Debug|x86.ActiveCfg = Debug|Win32
		{B591A075-DD4B-4DDE-AC27-62A098EA4DA2}.Debug|x86.Build.0 = Debug|Win32
		{B591A075-DD4B-4DDE-AC27-62A098EA4DA2}.Release|x64.ActiveCfg = Release|x64
		{B591A075-DD4B-4DDE-AC27-62A098EA4DA2}.Release|x64.Build.0 = Release|x64
		{B591A075-DD4B-4DDE-AC27-62A098EA4DA2}.Release|x86.ActiveCfg = Release|Win32
		{B591A075-DD4B-4DDE-AC27-62A098EA4DA2}.Release|x86.Build.0 = Release|Win32
		{F61C4801-794B-480D-800A-97B2634D0BCE}.Debug|x64.ActiveCfg = Debug|x64
		{F61C4801-794B-480D-800A-97B2634D0BCE}.Debug|x64.Build.0 = Debug|x64
		{F61C4801-794B-480D-800A-97B2634D0BCE}.Debug|x86.ActiveCfg = Debug|Win32
		{F61C4801-794B-480D-800A-97B2634D0BCE}.Debug|x86.Build.0 = Debug|Win32
		{F61C4801-794B-480D-800A-97B2634D0BCE}.Release|x64.ActiveCfg = Release|x64
		{F61C4801-794B-480D-800A-97B2634D0BCE}.Release|x64.Build.0 = Release|x64
		{F61C4801-794B-480D-800A-97B2634D0BCE}.Release|x86.ActiveCfg = Release|Win32
		{F61C4801-794B-480D-800A-97B2634D0BCE}.Release|x86.Build.0 = Release|Win32
		{18421B0C-FE63-4D4B-849F-96684D2CFB77}.Debug|x64.ActiveCfg = Debug|x64
		{18421B0C-FE63-4D4B-849F-96684D2CFB77}.Debug|x64.Build.0 = Debug|x64
		{18421B0C-FE63-4D4B-849F-96684D2CFB77}.Debug|x86.ActiveCfg = Debug|Win32
		{18421B0C-FE63-4D4B-849F-96684D2CFB77}.Debug|x86.Build.0 = Debug|Win32
		{18421B0C-FE63-4D4B-849F-96684D2CFB77}.Release|x64.ActiveCfg = Release|x64
		{18421B0C-FE63-4D4B-849F-96684D2CFB77}.Release|x64.Build.0 = Release|x64
		{18421B0C-FE63-4D4B-849F-96684D2CFB77}.Release|x86.ActiveCfg = Release|Win32
		{18421B0C-FE63-4D4B-849F-96684D2CFB77}.Release|x86.Build.0 = Release|Win32
		{0F794738-FDBC-4E14-8395-9FF8BD23A7BC}.Debug|x64.ActiveCfg = Debug|x64
		{0F794738-FDBC-4E14-8395-9FF8BD23A7BC}.Debug|x64.Build.0 = Debug|x64
		{0F794738-FDBC-4E14-8395-9FF8BD23A7BC}.Debug|x86.ActiveCfg = Debug|Win32
		{0F794738-FDBC-4E14-8395-9FF8BD23A7BC}.Debug|x86.Build.0 = Debug|Win32
		{0F794738-FDBC-4E14-8395-9FF8BD23A7BC}.Release|x64.ActiveCfg = Release|x64
		{0F794738-FDBC-4E14-8395-9FF8BD23A7BC}.Release|x64.Build.0 = Release|x64
		{0F794738-FDBC-4E14-8395-9FF8BD23A7BC}.Release|x86.ActiveCfg = Release|Win32
		{0F794738-FDBC-4E14-8395-9FF8BD23A7BC}.Release|x86.Build.0 = Release|Win32
	EndGlobalSection
	GlobalSection(SolutionProperties) = preSolution
		HideSolutionNode = FALSE
	EndGlobalSection
	GlobalSection(ExtensibilityGlobals) = postSolution
		SolutionGuid = {479EFA6D-5E57-4A97-A101-606C65B8C4BF}
	EndGlobalSection
EndGlobal
